// !$*UTF8*$!
{
	archiveVersion = 1;
	classes = {
	};
	objectVersion = 50;
	objects = {

/* Begin PBXBuildFile section */
		93015AF72225CBEC0083DE86 /* UtilityBridge.h in Headers */ = {isa = PBXBuildFile; fileRef = 93015AF52225CBEC0083DE86 /* UtilityBridge.h */; };
		93015AF82225CBEC0083DE86 /* UtilityBridge.c in Sources */ = {isa = PBXBuildFile; fileRef = 93015AF62225CBEC0083DE86 /* UtilityBridge.c */; };
		93291CB7221F4EA9009B22E3 /* mbedTLS.swift in Sources */ = {isa = PBXBuildFile; fileRef = 93291CB6221F4EA9009B22E3 /* mbedTLS.swift */; };
		93B13C7B221F0ED30071898F /* mbedTLS.h in Headers */ = {isa = PBXBuildFile; fileRef = 93B13C79221F0ED30071898F /* mbedTLS.h */; settings = {ATTRIBUTES = (Public, ); }; };
		93B13D23221F0F0C0071898F /* x509_create.c in Sources */ = {isa = PBXBuildFile; fileRef = 93B13C84221F0F0B0071898F /* x509_create.c */; };
		93B13D24221F0F0C0071898F /* pem.h in Headers */ = {isa = PBXBuildFile; fileRef = 93B13C85221F0F0B0071898F /* pem.h */; };
		93B13D25221F0F0C0071898F /* x509_crt.c in Sources */ = {isa = PBXBuildFile; fileRef = 93B13C86221F0F0B0071898F /* x509_crt.c */; };
		93B13D26221F0F0C0071898F /* check_config.h in Headers */ = {isa = PBXBuildFile; fileRef = 93B13C87221F0F0B0071898F /* check_config.h */; };
		93B13D27221F0F0C0071898F /* aes.c in Sources */ = {isa = PBXBuildFile; fileRef = 93B13C88221F0F0B0071898F /* aes.c */; };
		93B13D28221F0F0C0071898F /* error.h in Headers */ = {isa = PBXBuildFile; fileRef = 93B13C89221F0F0B0071898F /* error.h */; };
		93B13D29221F0F0C0071898F /* md2.h in Headers */ = {isa = PBXBuildFile; fileRef = 93B13C8A221F0F0B0071898F /* md2.h */; };
		93B13D2A221F0F0C0071898F /* oid.h in Headers */ = {isa = PBXBuildFile; fileRef = 93B13C8B221F0F0B0071898F /* oid.h */; };
		93B13D2B221F0F0C0071898F /* md4.c in Sources */ = {isa = PBXBuildFile; fileRef = 93B13C8C221F0F0B0071898F /* md4.c */; };
		93B13D2C221F0F0C0071898F /* rsa_internal.h in Headers */ = {isa = PBXBuildFile; fileRef = 93B13C8D221F0F0B0071898F /* rsa_internal.h */; };
		93B13D2D221F0F0C0071898F /* pkcs5.h in Headers */ = {isa = PBXBuildFile; fileRef = 93B13C8E221F0F0B0071898F /* pkcs5.h */; };
		93B13D2E221F0F0C0071898F /* ripemd160.h in Headers */ = {isa = PBXBuildFile; fileRef = 93B13C8F221F0F0B0071898F /* ripemd160.h */; };
		93B13D2F221F0F0C0071898F /* ssl_srv.c in Sources */ = {isa = PBXBuildFile; fileRef = 93B13C90221F0F0B0071898F /* ssl_srv.c */; };
		93B13D30221F0F0C0071898F /* camellia.c in Sources */ = {isa = PBXBuildFile; fileRef = 93B13C91221F0F0B0071898F /* camellia.c */; };
		93B13D31221F0F0C0071898F /* blowfish.h in Headers */ = {isa = PBXBuildFile; fileRef = 93B13C92221F0F0B0071898F /* blowfish.h */; };
		93B13D32221F0F0C0071898F /* pk_wrap.c in Sources */ = {isa = PBXBuildFile; fileRef = 93B13C93221F0F0B0071898F /* pk_wrap.c */; };
		93B13D33221F0F0C0071898F /* pk.c in Sources */ = {isa = PBXBuildFile; fileRef = 93B13C94221F0F0B0071898F /* pk.c */; };
		93B13D34221F0F0C0071898F /* debug.h in Headers */ = {isa = PBXBuildFile; fileRef = 93B13C95221F0F0B0071898F /* debug.h */; };
		93B13D35221F0F0C0071898F /* x509.h in Headers */ = {isa = PBXBuildFile; fileRef = 93B13C96221F0F0B0071898F /* x509.h */; };
		93B13D36221F0F0C0071898F /* version.h in Headers */ = {isa = PBXBuildFile; fileRef = 93B13C97221F0F0B0071898F /* version.h */; };
		93B13D37221F0F0C0071898F /* ecp.h in Headers */ = {isa = PBXBuildFile; fileRef = 93B13C98221F0F0B0071898F /* ecp.h */; };
		93B13D38221F0F0C0071898F /* net.h in Headers */ = {isa = PBXBuildFile; fileRef = 93B13C99221F0F0B0071898F /* net.h */; };
		93B13D39221F0F0C0071898F /* ecdh.c in Sources */ = {isa = PBXBuildFile; fileRef = 93B13C9A221F0F0B0071898F /* ecdh.c */; };
		93B13D3A221F0F0C0071898F /* cipher_internal.h in Headers */ = {isa = PBXBuildFile; fileRef = 93B13C9B221F0F0B0071898F /* cipher_internal.h */; };
		93B13D3B221F0F0C0071898F /* ssl_tls.c in Sources */ = {isa = PBXBuildFile; fileRef = 93B13C9C221F0F0B0071898F /* ssl_tls.c */; };
		93B13D3C221F0F0C0071898F /* x509_crl.c in Sources */ = {isa = PBXBuildFile; fileRef = 93B13C9D221F0F0B0071898F /* x509_crl.c */; };
		93B13D3D221F0F0C0071898F /* md_internal.h in Headers */ = {isa = PBXBuildFile; fileRef = 93B13C9E221F0F0B0071898F /* md_internal.h */; };
		93B13D3E221F0F0C0071898F /* base64.h in Headers */ = {isa = PBXBuildFile; fileRef = 93B13C9F221F0F0B0071898F /* base64.h */; };
		93B13D3F221F0F0C0071898F /* pkcs11.h in Headers */ = {isa = PBXBuildFile; fileRef = 93B13CA0221F0F0B0071898F /* pkcs11.h */; };
		93B13D40221F0F0C0071898F /* cipher_wrap.c in Sources */ = {isa = PBXBuildFile; fileRef = 93B13CA1221F0F0B0071898F /* cipher_wrap.c */; };
		93B13D41221F0F0C0071898F /* chacha20.c in Sources */ = {isa = PBXBuildFile; fileRef = 93B13CA2221F0F0B0071898F /* chacha20.c */; };
		93B13D42221F0F0C0071898F /* ssl_internal.h in Headers */ = {isa = PBXBuildFile; fileRef = 93B13CA3221F0F0B0071898F /* ssl_internal.h */; };
		93B13D43221F0F0C0071898F /* asn1.h in Headers */ = {isa = PBXBuildFile; fileRef = 93B13CA4221F0F0B0071898F /* asn1.h */; };
		93B13D44221F0F0C0071898F /* config.h in Headers */ = {isa = PBXBuildFile; fileRef = 93B13CA5221F0F0B0071898F /* config.h */; };
		93B13D45221F0F0C0071898F /* des.c in Sources */ = {isa = PBXBuildFile; fileRef = 93B13CA6221F0F0B0071898F /* des.c */; };
		93B13D46221F0F0C0071898F /* memory_buffer_alloc.h in Headers */ = {isa = PBXBuildFile; fileRef = 93B13CA7221F0F0B0071898F /* memory_buffer_alloc.h */; };
		93B13D47221F0F0C0071898F /* ssl_cookie.c in Sources */ = {isa = PBXBuildFile; fileRef = 93B13CA8221F0F0B0071898F /* ssl_cookie.c */; };
		93B13D48221F0F0C0071898F /* x509_csr.h in Headers */ = {isa = PBXBuildFile; fileRef = 93B13CA9221F0F0B0071898F /* x509_csr.h */; };
		93B13D49221F0F0C0071898F /* ctr_drbg.c in Sources */ = {isa = PBXBuildFile; fileRef = 93B13CAA221F0F0B0071898F /* ctr_drbg.c */; };
		93B13D4A221F0F0C0071898F /* platform_util.h in Headers */ = {isa = PBXBuildFile; fileRef = 93B13CAB221F0F0B0071898F /* platform_util.h */; };
		93B13D4B221F0F0C0071898F /* aesni.c in Sources */ = {isa = PBXBuildFile; fileRef = 93B13CAC221F0F0B0071898F /* aesni.c */; };
		93B13D4C221F0F0C0071898F /* dhm.c in Sources */ = {isa = PBXBuildFile; fileRef = 93B13CAD221F0F0B0071898F /* dhm.c */; };
		93B13D4D221F0F0C0071898F /* ssl_cache.c in Sources */ = {isa = PBXBuildFile; fileRef = 93B13CAE221F0F0B0071898F /* ssl_cache.c */; };
		93B13D4E221F0F0C0071898F /* ssl_ciphersuites.c in Sources */ = {isa = PBXBuildFile; fileRef = 93B13CAF221F0F0B0071898F /* ssl_ciphersuites.c */; };
		93B13D4F221F0F0C0071898F /* xtea.h in Headers */ = {isa = PBXBuildFile; fileRef = 93B13CB0221F0F0B0071898F /* xtea.h */; };
		93B13D50221F0F0C0071898F /* hmac_drbg.c in Sources */ = {isa = PBXBuildFile; fileRef = 93B13CB1221F0F0B0071898F /* hmac_drbg.c */; };
		93B13D51221F0F0C0071898F /* rsa.c in Sources */ = {isa = PBXBuildFile; fileRef = 93B13CB2221F0F0B0071898F /* rsa.c */; };
		93B13D52221F0F0C0071898F /* poly1305.h in Headers */ = {isa = PBXBuildFile; fileRef = 93B13CB3221F0F0B0071898F /* poly1305.h */; };
		93B13D53221F0F0C0071898F /* threading.h in Headers */ = {isa = PBXBuildFile; fileRef = 93B13CB4221F0F0B0071898F /* threading.h */; };
		93B13D54221F0F0C0071898F /* hkdf.h in Headers */ = {isa = PBXBuildFile; fileRef = 93B13CB5221F0F0B0071898F /* hkdf.h */; };
		93B13D55221F0F0C0071898F /* compat-1.3.h in Headers */ = {isa = PBXBuildFile; fileRef = 93B13CB6221F0F0B0071898F /* compat-1.3.h */; };
		93B13D56221F0F0C0071898F /* ssl_ticket.c in Sources */ = {isa = PBXBuildFile; fileRef = 93B13CB7221F0F0B0071898F /* ssl_ticket.c */; };
		93B13D57221F0F0C0071898F /* asn1parse.c in Sources */ = {isa = PBXBuildFile; fileRef = 93B13CB8221F0F0B0071898F /* asn1parse.c */; };
		93B13D58221F0F0C0071898F /* certs.c in Sources */ = {isa = PBXBuildFile; fileRef = 93B13CB9221F0F0B0071898F /* certs.c */; };
		93B13D59221F0F0C0071898F /* md5.h in Headers */ = {isa = PBXBuildFile; fileRef = 93B13CBA221F0F0B0071898F /* md5.h */; };
		93B13D5A221F0F0C0071898F /* timing.h in Headers */ = {isa = PBXBuildFile; fileRef = 93B13CBB221F0F0B0071898F /* timing.h */; };
		93B13D5B221F0F0C0071898F /* arc4.h in Headers */ = {isa = PBXBuildFile; fileRef = 93B13CBC221F0F0B0071898F /* arc4.h */; };
		93B13D5C221F0F0C0071898F /* pkwrite.c in Sources */ = {isa = PBXBuildFile; fileRef = 93B13CBD221F0F0B0071898F /* pkwrite.c */; };
		93B13D5D221F0F0C0071898F /* chachapoly.h in Headers */ = {isa = PBXBuildFile; fileRef = 93B13CBE221F0F0B0071898F /* chachapoly.h */; };
		93B13D5E221F0F0C0071898F /* gcm.c in Sources */ = {isa = PBXBuildFile; fileRef = 93B13CBF221F0F0B0071898F /* gcm.c */; };
		93B13D5F221F0F0C0071898F /* sha1.c in Sources */ = {isa = PBXBuildFile; fileRef = 93B13CC0221F0F0B0071898F /* sha1.c */; };
		93B13D60221F0F0C0071898F /* sha256.h in Headers */ = {isa = PBXBuildFile; fileRef = 93B13CC1221F0F0B0071898F /* sha256.h */; };
		93B13D61221F0F0C0071898F /* asn1write.c in Sources */ = {isa = PBXBuildFile; fileRef = 93B13CC2221F0F0B0071898F /* asn1write.c */; };
		93B13D62221F0F0C0071898F /* havege.c in Sources */ = {isa = PBXBuildFile; fileRef = 93B13CC3221F0F0B0071898F /* havege.c */; };
		93B13D63221F0F0C0071898F /* ccm.c in Sources */ = {isa = PBXBuildFile; fileRef = 93B13CC4221F0F0B0071898F /* ccm.c */; };
		93B13D64221F0F0C0071898F /* version_features.c in Sources */ = {isa = PBXBuildFile; fileRef = 93B13CC5221F0F0B0071898F /* version_features.c */; };
		93B13D65221F0F0C0071898F /* aria.c in Sources */ = {isa = PBXBuildFile; fileRef = 93B13CC6221F0F0B0071898F /* aria.c */; };
		93B13D66221F0F0C0071898F /* ecdsa.h in Headers */ = {isa = PBXBuildFile; fileRef = 93B13CC7221F0F0B0071898F /* ecdsa.h */; };
		93B13D67221F0F0C0071898F /* nist_kw.h in Headers */ = {isa = PBXBuildFile; fileRef = 93B13CC8221F0F0B0071898F /* nist_kw.h */; };
		93B13D68221F0F0C0071898F /* entropy_poll.c in Sources */ = {isa = PBXBuildFile; fileRef = 93B13CC9221F0F0B0071898F /* entropy_poll.c */; };
		93B13D69221F0F0C0071898F /* x509write_csr.c in Sources */ = {isa = PBXBuildFile; fileRef = 93B13CCA221F0F0B0071898F /* x509write_csr.c */; };
		93B13D6A221F0F0C0071898F /* platform.c in Sources */ = {isa = PBXBuildFile; fileRef = 93B13CCB221F0F0B0071898F /* platform.c */; };
		93B13D6B221F0F0C0071898F /* md.h in Headers */ = {isa = PBXBuildFile; fileRef = 93B13CCC221F0F0B0071898F /* md.h */; };
		93B13D6C221F0F0C0071898F /* cmac.c in Sources */ = {isa = PBXBuildFile; fileRef = 93B13CCD221F0F0B0071898F /* cmac.c */; };
		93B13D6D221F0F0C0071898F /* bignum.c in Sources */ = {isa = PBXBuildFile; fileRef = 93B13CCE221F0F0B0071898F /* bignum.c */; };
		93B13D6E221F0F0C0071898F /* cipher.h in Headers */ = {isa = PBXBuildFile; fileRef = 93B13CCF221F0F0B0071898F /* cipher.h */; };
		93B13D6F221F0F0C0071898F /* ecjpake.h in Headers */ = {isa = PBXBuildFile; fileRef = 93B13CD0221F0F0B0071898F /* ecjpake.h */; };
		93B13D70221F0F0C0071898F /* pkparse.c in Sources */ = {isa = PBXBuildFile; fileRef = 93B13CD1221F0F0B0071898F /* pkparse.c */; };
		93B13D71221F0F0C0071898F /* net_sockets.h in Headers */ = {isa = PBXBuildFile; fileRef = 93B13CD2221F0F0B0071898F /* net_sockets.h */; };
		93B13D72221F0F0C0071898F /* entropy.h in Headers */ = {isa = PBXBuildFile; fileRef = 93B13CD3221F0F0B0071898F /* entropy.h */; };
		93B13D73221F0F0C0071898F /* pkcs12.h in Headers */ = {isa = PBXBuildFile; fileRef = 93B13CD4221F0F0B0071898F /* pkcs12.h */; };
		93B13D74221F0F0C0071898F /* padlock.h in Headers */ = {isa = PBXBuildFile; fileRef = 93B13CD5221F0F0B0071898F /* padlock.h */; };
		93B13D75221F0F0C0071898F /* sha512.h in Headers */ = {isa = PBXBuildFile; fileRef = 93B13CD6221F0F0B0071898F /* sha512.h */; };
		93B13D76221F0F0C0071898F /* bn_mul.h in Headers */ = {isa = PBXBuildFile; fileRef = 93B13CD7221F0F0B0071898F /* bn_mul.h */; };
		93B13D77221F0F0C0071898F /* pk.h in Headers */ = {isa = PBXBuildFile; fileRef = 93B13CD8221F0F0B0071898F /* pk.h */; };
		93B13D78221F0F0C0071898F /* debug.c in Sources */ = {isa = PBXBuildFile; fileRef = 93B13CD9221F0F0B0071898F /* debug.c */; };
		93B13D79221F0F0C0071898F /* ecp_internal.h in Headers */ = {isa = PBXBuildFile; fileRef = 93B13CDA221F0F0B0071898F /* ecp_internal.h */; };
		93B13D7A221F0F0C0071898F /* ripemd160.c in Sources */ = {isa = PBXBuildFile; fileRef = 93B13CDB221F0F0B0071898F /* ripemd160.c */; };
		93B13D7B221F0F0C0071898F /* ssl_cli.c in Sources */ = {isa = PBXBuildFile; fileRef = 93B13CDC221F0F0B0071898F /* ssl_cli.c */; };
		93B13D7C221F0F0C0071898F /* ssl.h in Headers */ = {isa = PBXBuildFile; fileRef = 93B13CDD221F0F0B0071898F /* ssl.h */; };
		93B13D7D221F0F0C0071898F /* platform_time.h in Headers */ = {isa = PBXBuildFile; fileRef = 93B13CDE221F0F0B0071898F /* platform_time.h */; };
		93B13D7E221F0F0C0071898F /* blowfish.c in Sources */ = {isa = PBXBuildFile; fileRef = 93B13CDF221F0F0B0071898F /* blowfish.c */; };
		93B13D7F221F0F0C0071898F /* camellia.h in Headers */ = {isa = PBXBuildFile; fileRef = 93B13CE0221F0F0B0071898F /* camellia.h */; };
		93B13D80221F0F0C0071898F /* rsa_internal.c in Sources */ = {isa = PBXBuildFile; fileRef = 93B13CE1221F0F0B0071898F /* rsa_internal.c */; };
		93B13D81221F0F0C0071898F /* pkcs5.c in Sources */ = {isa = PBXBuildFile; fileRef = 93B13CE2221F0F0B0071898F /* pkcs5.c */; };
		93B13D82221F0F0C0071898F /* md4.h in Headers */ = {isa = PBXBuildFile; fileRef = 93B13CE3221F0F0B0071898F /* md4.h */; };
		93B13D83221F0F0C0071898F /* x509_crt.h in Headers */ = {isa = PBXBuildFile; fileRef = 93B13CE4221F0F0B0071898F /* x509_crt.h */; };
		93B13D84221F0F0C0071898F /* pem.c in Sources */ = {isa = PBXBuildFile; fileRef = 93B13CE5221F0F0B0071898F /* pem.c */; };
		93B13D85221F0F0C0071898F /* oid.c in Sources */ = {isa = PBXBuildFile; fileRef = 93B13CE6221F0F0B0071898F /* oid.c */; };
		93B13D86221F0F0C0071898F /* error.c in Sources */ = {isa = PBXBuildFile; fileRef = 93B13CE7221F0F0B0071898F /* error.c */; };
		93B13D87221F0F0C0071898F /* md2.c in Sources */ = {isa = PBXBuildFile; fileRef = 93B13CE8221F0F0B0071898F /* md2.c */; };
		93B13D88221F0F0C0071898F /* aes.h in Headers */ = {isa = PBXBuildFile; fileRef = 93B13CE9221F0F0B0071898F /* aes.h */; };
		93B13D89221F0F0C0071898F /* md_wrap.c in Sources */ = {isa = PBXBuildFile; fileRef = 93B13CEA221F0F0B0071898F /* md_wrap.c */; };
		93B13D8A221F0F0C0071898F /* x509_csr.c in Sources */ = {isa = PBXBuildFile; fileRef = 93B13CEB221F0F0B0071898F /* x509_csr.c */; };
		93B13D8B221F0F0C0071898F /* pk_internal.h in Headers */ = {isa = PBXBuildFile; fileRef = 93B13CEC221F0F0B0071898F /* pk_internal.h */; };
		93B13D8C221F0F0C0071898F /* ssl_cookie.h in Headers */ = {isa = PBXBuildFile; fileRef = 93B13CED221F0F0B0071898F /* ssl_cookie.h */; };
		93B13D8D221F0F0C0071898F /* dhm.h in Headers */ = {isa = PBXBuildFile; fileRef = 93B13CEE221F0F0B0071898F /* dhm.h */; };
		93B13D8E221F0F0C0071898F /* platform_util.c in Sources */ = {isa = PBXBuildFile; fileRef = 93B13CEF221F0F0B0071898F /* platform_util.c */; };
		93B13D8F221F0F0C0071898F /* aesni.h in Headers */ = {isa = PBXBuildFile; fileRef = 93B13CF0221F0F0B0071898F /* aesni.h */; };
		93B13D90221F0F0C0071898F /* ctr_drbg.h in Headers */ = {isa = PBXBuildFile; fileRef = 93B13CF1221F0F0B0071898F /* ctr_drbg.h */; };
		93B13D91221F0F0C0071898F /* chacha20.h in Headers */ = {isa = PBXBuildFile; fileRef = 93B13CF2221F0F0B0071898F /* chacha20.h */; };
		93B13D92221F0F0C0071898F /* pkcs11.c in Sources */ = {isa = PBXBuildFile; fileRef = 93B13CF3221F0F0B0071898F /* pkcs11.c */; };
		93B13D93221F0F0C0071898F /* base64.c in Sources */ = {isa = PBXBuildFile; fileRef = 93B13CF4221F0F0B0071898F /* base64.c */; };
		93B13D94221F0F0C0071898F /* memory_buffer_alloc.c in Sources */ = {isa = PBXBuildFile; fileRef = 93B13CF5221F0F0B0071898F /* memory_buffer_alloc.c */; };
		93B13D95221F0F0C0071898F /* des.h in Headers */ = {isa = PBXBuildFile; fileRef = 93B13CF6221F0F0B0071898F /* des.h */; };
		93B13D96221F0F0C0071898F /* ecp.c in Sources */ = {isa = PBXBuildFile; fileRef = 93B13CF7221F0F0B0071898F /* ecp.c */; };
		93B13D97221F0F0C0071898F /* x509_crl.h in Headers */ = {isa = PBXBuildFile; fileRef = 93B13CF8221F0F0B0071898F /* x509_crl.h */; };
		93B13D98221F0F0C0071898F /* ecdh.h in Headers */ = {isa = PBXBuildFile; fileRef = 93B13CF9221F0F0B0071898F /* ecdh.h */; };
		93B13D99221F0F0C0071898F /* psa_util.h in Headers */ = {isa = PBXBuildFile; fileRef = 93B13CFA221F0F0B0071898F /* psa_util.h */; };
		93B13D9A221F0F0C0071898F /* version.c in Sources */ = {isa = PBXBuildFile; fileRef = 93B13CFB221F0F0B0071898F /* version.c */; };
		93B13D9B221F0F0C0071898F /* x509.c in Sources */ = {isa = PBXBuildFile; fileRef = 93B13CFC221F0F0B0071898F /* x509.c */; };
		93B13D9C221F0F0C0071898F /* sha1.h in Headers */ = {isa = PBXBuildFile; fileRef = 93B13CFD221F0F0B0071898F /* sha1.h */; };
		93B13D9D221F0F0C0071898F /* gcm.h in Headers */ = {isa = PBXBuildFile; fileRef = 93B13CFE221F0F0B0071898F /* gcm.h */; };
		93B13D9E221F0F0C0071898F /* chachapoly.c in Sources */ = {isa = PBXBuildFile; fileRef = 93B13CFF221F0F0B0071898F /* chachapoly.c */; };
		93B13D9F221F0F0C0071898F /* sha256.c in Sources */ = {isa = PBXBuildFile; fileRef = 93B13D00221F0F0B0071898F /* sha256.c */; };
		93B13DA0221F0F0C0071898F /* ecp_curves.c in Sources */ = {isa = PBXBuildFile; fileRef = 93B13D01221F0F0B0071898F /* ecp_curves.c */; };
		93B13DA1221F0F0C0071898F /* certs.h in Headers */ = {isa = PBXBuildFile; fileRef = 93B13D02221F0F0B0071898F /* certs.h */; };
		93B13DA2221F0F0C0071898F /* md5.c in Sources */ = {isa = PBXBuildFile; fileRef = 93B13D03221F0F0B0071898F /* md5.c */; };
		93B13DA3221F0F0C0071898F /* arc4.c in Sources */ = {isa = PBXBuildFile; fileRef = 93B13D04221F0F0B0071898F /* arc4.c */; };
		93B13DA4221F0F0C0071898F /* timing.c in Sources */ = {isa = PBXBuildFile; fileRef = 93B13D05221F0F0B0071898F /* timing.c */; };
		93B13DA5221F0F0C0071898F /* poly1305.c in Sources */ = {isa = PBXBuildFile; fileRef = 93B13D06221F0F0B0071898F /* poly1305.c */; };
		93B13DA6221F0F0C0071898F /* rsa.h in Headers */ = {isa = PBXBuildFile; fileRef = 93B13D07221F0F0B0071898F /* rsa.h */; };
		93B13DA7221F0F0C0071898F /* hmac_drbg.h in Headers */ = {isa = PBXBuildFile; fileRef = 93B13D08221F0F0B0071898F /* hmac_drbg.h */; };
		93B13DA8221F0F0C0071898F /* xtea.c in Sources */ = {isa = PBXBuildFile; fileRef = 93B13D09221F0F0C0071898F /* xtea.c */; };
		93B13DA9221F0F0C0071898F /* x509write_crt.c in Sources */ = {isa = PBXBuildFile; fileRef = 93B13D0A221F0F0C0071898F /* x509write_crt.c */; };
		93B13DAA221F0F0C0071898F /* ssl_ticket.h in Headers */ = {isa = PBXBuildFile; fileRef = 93B13D0C221F0F0C0071898F /* ssl_ticket.h */; };
		93B13DAB221F0F0C0071898F /* hkdf.c in Sources */ = {isa = PBXBuildFile; fileRef = 93B13D0D221F0F0C0071898F /* hkdf.c */; };
		93B13DAC221F0F0C0071898F /* threading.c in Sources */ = {isa = PBXBuildFile; fileRef = 93B13D0E221F0F0C0071898F /* threading.c */; };
		93B13DAD221F0F0C0071898F /* ssl_ciphersuites.h in Headers */ = {isa = PBXBuildFile; fileRef = 93B13D0F221F0F0C0071898F /* ssl_ciphersuites.h */; };
		93B13DAE221F0F0C0071898F /* ssl_cache.h in Headers */ = {isa = PBXBuildFile; fileRef = 93B13D10221F0F0C0071898F /* ssl_cache.h */; };
		93B13DAF221F0F0C0071898F /* padlock.c in Sources */ = {isa = PBXBuildFile; fileRef = 93B13D11221F0F0C0071898F /* padlock.c */; };
		93B13DB0221F0F0C0071898F /* pkcs12.c in Sources */ = {isa = PBXBuildFile; fileRef = 93B13D12221F0F0C0071898F /* pkcs12.c */; };
		93B13DB1221F0F0C0071898F /* entropy.c in Sources */ = {isa = PBXBuildFile; fileRef = 93B13D13221F0F0C0071898F /* entropy.c */; };
		93B13DB2221F0F0C0071898F /* net_sockets.c in Sources */ = {isa = PBXBuildFile; fileRef = 93B13D14221F0F0C0071898F /* net_sockets.c */; };
		93B13DB3221F0F0C0071898F /* sha512.c in Sources */ = {isa = PBXBuildFile; fileRef = 93B13D15221F0F0C0071898F /* sha512.c */; };
		93B13DB4221F0F0C0071898F /* cmac.h in Headers */ = {isa = PBXBuildFile; fileRef = 93B13D16221F0F0C0071898F /* cmac.h */; };
		93B13DB5221F0F0C0071898F /* md.c in Sources */ = {isa = PBXBuildFile; fileRef = 93B13D17221F0F0C0071898F /* md.c */; };
		93B13DB6221F0F0C0071898F /* platform.h in Headers */ = {isa = PBXBuildFile; fileRef = 93B13D18221F0F0C0071898F /* platform.h */; };
		93B13DB7221F0F0C0071898F /* ecjpake.c in Sources */ = {isa = PBXBuildFile; fileRef = 93B13D19221F0F0C0071898F /* ecjpake.c */; };
		93B13DB8221F0F0C0071898F /* cipher.c in Sources */ = {isa = PBXBuildFile; fileRef = 93B13D1A221F0F0C0071898F /* cipher.c */; };
		93B13DB9221F0F0C0071898F /* bignum.h in Headers */ = {isa = PBXBuildFile; fileRef = 93B13D1B221F0F0C0071898F /* bignum.h */; };
		93B13DBA221F0F0C0071898F /* ecdsa.c in Sources */ = {isa = PBXBuildFile; fileRef = 93B13D1C221F0F0C0071898F /* ecdsa.c */; };
		93B13DBB221F0F0C0071898F /* aria.h in Headers */ = {isa = PBXBuildFile; fileRef = 93B13D1D221F0F0C0071898F /* aria.h */; };
		93B13DBC221F0F0C0071898F /* entropy_poll.h in Headers */ = {isa = PBXBuildFile; fileRef = 93B13D1E221F0F0C0071898F /* entropy_poll.h */; };
		93B13DBD221F0F0C0071898F /* nist_kw.c in Sources */ = {isa = PBXBuildFile; fileRef = 93B13D1F221F0F0C0071898F /* nist_kw.c */; };
		93B13DBE221F0F0C0071898F /* havege.h in Headers */ = {isa = PBXBuildFile; fileRef = 93B13D20221F0F0C0071898F /* havege.h */; };
		93B13DBF221F0F0C0071898F /* asn1write.h in Headers */ = {isa = PBXBuildFile; fileRef = 93B13D21221F0F0C0071898F /* asn1write.h */; };
		93B13DC0221F0F0C0071898F /* ccm.h in Headers */ = {isa = PBXBuildFile; fileRef = 93B13D22221F0F0C0071898F /* ccm.h */; };
/* End PBXBuildFile section */

/* Begin PBXFileReference section */
		93015AF52225CBEC0083DE86 /* UtilityBridge.h */ = {isa = PBXFileReference; lastKnownFileType = sourcecode.c.h; path = UtilityBridge.h; sourceTree = "<group>"; };
		93015AF62225CBEC0083DE86 /* UtilityBridge.c */ = {isa = PBXFileReference; lastKnownFileType = sourcecode.c.c; path = UtilityBridge.c; sourceTree = "<group>"; };
		93291CB6221F4EA9009B22E3 /* mbedTLS.swift */ = {isa = PBXFileReference; lastKnownFileType = sourcecode.swift; path = mbedTLS.swift; sourceTree = "<group>"; };
		93B13C76221F0ED30071898F /* mbedTLS.framework */ = {isa = PBXFileReference; explicitFileType = wrapper.framework; includeInIndex = 0; path = mbedTLS.framework; sourceTree = BUILT_PRODUCTS_DIR; };
		93B13C79221F0ED30071898F /* mbedTLS.h */ = {isa = PBXFileReference; lastKnownFileType = sourcecode.c.h; path = mbedTLS.h; sourceTree = "<group>"; };
		93B13C7A221F0ED30071898F /* Info.plist */ = {isa = PBXFileReference; lastKnownFileType = text.plist.xml; path = Info.plist; sourceTree = "<group>"; };
		93B13C84221F0F0B0071898F /* x509_create.c */ = {isa = PBXFileReference; fileEncoding = 4; lastKnownFileType = sourcecode.c.c; path = x509_create.c; sourceTree = "<group>"; };
		93B13C85221F0F0B0071898F /* pem.h */ = {isa = PBXFileReference; fileEncoding = 4; lastKnownFileType = sourcecode.c.h; path = pem.h; sourceTree = "<group>"; };
		93B13C86221F0F0B0071898F /* x509_crt.c */ = {isa = PBXFileReference; fileEncoding = 4; lastKnownFileType = sourcecode.c.c; path = x509_crt.c; sourceTree = "<group>"; };
		93B13C87221F0F0B0071898F /* check_config.h */ = {isa = PBXFileReference; fileEncoding = 4; lastKnownFileType = sourcecode.c.h; path = check_config.h; sourceTree = "<group>"; };
		93B13C88221F0F0B0071898F /* aes.c */ = {isa = PBXFileReference; fileEncoding = 4; lastKnownFileType = sourcecode.c.c; path = aes.c; sourceTree = "<group>"; };
		93B13C89221F0F0B0071898F /* error.h */ = {isa = PBXFileReference; fileEncoding = 4; lastKnownFileType = sourcecode.c.h; path = error.h; sourceTree = "<group>"; };
		93B13C8A221F0F0B0071898F /* md2.h */ = {isa = PBXFileReference; fileEncoding = 4; lastKnownFileType = sourcecode.c.h; path = md2.h; sourceTree = "<group>"; };
		93B13C8B221F0F0B0071898F /* oid.h */ = {isa = PBXFileReference; fileEncoding = 4; lastKnownFileType = sourcecode.c.h; path = oid.h; sourceTree = "<group>"; };
		93B13C8C221F0F0B0071898F /* md4.c */ = {isa = PBXFileReference; fileEncoding = 4; lastKnownFileType = sourcecode.c.c; path = md4.c; sourceTree = "<group>"; };
		93B13C8D221F0F0B0071898F /* rsa_internal.h */ = {isa = PBXFileReference; fileEncoding = 4; lastKnownFileType = sourcecode.c.h; path = rsa_internal.h; sourceTree = "<group>"; };
		93B13C8E221F0F0B0071898F /* pkcs5.h */ = {isa = PBXFileReference; fileEncoding = 4; lastKnownFileType = sourcecode.c.h; path = pkcs5.h; sourceTree = "<group>"; };
		93B13C8F221F0F0B0071898F /* ripemd160.h */ = {isa = PBXFileReference; fileEncoding = 4; lastKnownFileType = sourcecode.c.h; path = ripemd160.h; sourceTree = "<group>"; };
		93B13C90221F0F0B0071898F /* ssl_srv.c */ = {isa = PBXFileReference; fileEncoding = 4; lastKnownFileType = sourcecode.c.c; path = ssl_srv.c; sourceTree = "<group>"; };
		93B13C91221F0F0B0071898F /* camellia.c */ = {isa = PBXFileReference; fileEncoding = 4; lastKnownFileType = sourcecode.c.c; path = camellia.c; sourceTree = "<group>"; };
		93B13C92221F0F0B0071898F /* blowfish.h */ = {isa = PBXFileReference; fileEncoding = 4; lastKnownFileType = sourcecode.c.h; path = blowfish.h; sourceTree = "<group>"; };
		93B13C93221F0F0B0071898F /* pk_wrap.c */ = {isa = PBXFileReference; fileEncoding = 4; lastKnownFileType = sourcecode.c.c; path = pk_wrap.c; sourceTree = "<group>"; };
		93B13C94221F0F0B0071898F /* pk.c */ = {isa = PBXFileReference; fileEncoding = 4; lastKnownFileType = sourcecode.c.c; path = pk.c; sourceTree = "<group>"; };
		93B13C95221F0F0B0071898F /* debug.h */ = {isa = PBXFileReference; fileEncoding = 4; lastKnownFileType = sourcecode.c.h; path = debug.h; sourceTree = "<group>"; };
		93B13C96221F0F0B0071898F /* x509.h */ = {isa = PBXFileReference; fileEncoding = 4; lastKnownFileType = sourcecode.c.h; path = x509.h; sourceTree = "<group>"; };
		93B13C97221F0F0B0071898F /* version.h */ = {isa = PBXFileReference; fileEncoding = 4; lastKnownFileType = sourcecode.c.h; path = version.h; sourceTree = "<group>"; };
		93B13C98221F0F0B0071898F /* ecp.h */ = {isa = PBXFileReference; fileEncoding = 4; lastKnownFileType = sourcecode.c.h; path = ecp.h; sourceTree = "<group>"; };
		93B13C99221F0F0B0071898F /* net.h */ = {isa = PBXFileReference; fileEncoding = 4; lastKnownFileType = sourcecode.c.h; path = net.h; sourceTree = "<group>"; };
		93B13C9A221F0F0B0071898F /* ecdh.c */ = {isa = PBXFileReference; fileEncoding = 4; lastKnownFileType = sourcecode.c.c; path = ecdh.c; sourceTree = "<group>"; };
		93B13C9B221F0F0B0071898F /* cipher_internal.h */ = {isa = PBXFileReference; fileEncoding = 4; lastKnownFileType = sourcecode.c.h; path = cipher_internal.h; sourceTree = "<group>"; };
		93B13C9C221F0F0B0071898F /* ssl_tls.c */ = {isa = PBXFileReference; fileEncoding = 4; lastKnownFileType = sourcecode.c.c; path = ssl_tls.c; sourceTree = "<group>"; };
		93B13C9D221F0F0B0071898F /* x509_crl.c */ = {isa = PBXFileReference; fileEncoding = 4; lastKnownFileType = sourcecode.c.c; path = x509_crl.c; sourceTree = "<group>"; };
		93B13C9E221F0F0B0071898F /* md_internal.h */ = {isa = PBXFileReference; fileEncoding = 4; lastKnownFileType = sourcecode.c.h; path = md_internal.h; sourceTree = "<group>"; };
		93B13C9F221F0F0B0071898F /* base64.h */ = {isa = PBXFileReference; fileEncoding = 4; lastKnownFileType = sourcecode.c.h; path = base64.h; sourceTree = "<group>"; };
		93B13CA0221F0F0B0071898F /* pkcs11.h */ = {isa = PBXFileReference; fileEncoding = 4; lastKnownFileType = sourcecode.c.h; path = pkcs11.h; sourceTree = "<group>"; };
		93B13CA1221F0F0B0071898F /* cipher_wrap.c */ = {isa = PBXFileReference; fileEncoding = 4; lastKnownFileType = sourcecode.c.c; path = cipher_wrap.c; sourceTree = "<group>"; };
		93B13CA2221F0F0B0071898F /* chacha20.c */ = {isa = PBXFileReference; fileEncoding = 4; lastKnownFileType = sourcecode.c.c; path = chacha20.c; sourceTree = "<group>"; };
		93B13CA3221F0F0B0071898F /* ssl_internal.h */ = {isa = PBXFileReference; fileEncoding = 4; lastKnownFileType = sourcecode.c.h; path = ssl_internal.h; sourceTree = "<group>"; };
		93B13CA4221F0F0B0071898F /* asn1.h */ = {isa = PBXFileReference; fileEncoding = 4; lastKnownFileType = sourcecode.c.h; path = asn1.h; sourceTree = "<group>"; };
		93B13CA5221F0F0B0071898F /* config.h */ = {isa = PBXFileReference; fileEncoding = 4; lastKnownFileType = sourcecode.c.h; path = config.h; sourceTree = "<group>"; };
		93B13CA6221F0F0B0071898F /* des.c */ = {isa = PBXFileReference; fileEncoding = 4; lastKnownFileType = sourcecode.c.c; path = des.c; sourceTree = "<group>"; };
		93B13CA7221F0F0B0071898F /* memory_buffer_alloc.h */ = {isa = PBXFileReference; fileEncoding = 4; lastKnownFileType = sourcecode.c.h; path = memory_buffer_alloc.h; sourceTree = "<group>"; };
		93B13CA8221F0F0B0071898F /* ssl_cookie.c */ = {isa = PBXFileReference; fileEncoding = 4; lastKnownFileType = sourcecode.c.c; path = ssl_cookie.c; sourceTree = "<group>"; };
		93B13CA9221F0F0B0071898F /* x509_csr.h */ = {isa = PBXFileReference; fileEncoding = 4; lastKnownFileType = sourcecode.c.h; path = x509_csr.h; sourceTree = "<group>"; };
		93B13CAA221F0F0B0071898F /* ctr_drbg.c */ = {isa = PBXFileReference; fileEncoding = 4; lastKnownFileType = sourcecode.c.c; path = ctr_drbg.c; sourceTree = "<group>"; };
		93B13CAB221F0F0B0071898F /* platform_util.h */ = {isa = PBXFileReference; fileEncoding = 4; lastKnownFileType = sourcecode.c.h; path = platform_util.h; sourceTree = "<group>"; };
		93B13CAC221F0F0B0071898F /* aesni.c */ = {isa = PBXFileReference; fileEncoding = 4; lastKnownFileType = sourcecode.c.c; path = aesni.c; sourceTree = "<group>"; };
		93B13CAD221F0F0B0071898F /* dhm.c */ = {isa = PBXFileReference; fileEncoding = 4; lastKnownFileType = sourcecode.c.c; path = dhm.c; sourceTree = "<group>"; };
		93B13CAE221F0F0B0071898F /* ssl_cache.c */ = {isa = PBXFileReference; fileEncoding = 4; lastKnownFileType = sourcecode.c.c; path = ssl_cache.c; sourceTree = "<group>"; };
		93B13CAF221F0F0B0071898F /* ssl_ciphersuites.c */ = {isa = PBXFileReference; fileEncoding = 4; lastKnownFileType = sourcecode.c.c; path = ssl_ciphersuites.c; sourceTree = "<group>"; };
		93B13CB0221F0F0B0071898F /* xtea.h */ = {isa = PBXFileReference; fileEncoding = 4; lastKnownFileType = sourcecode.c.h; path = xtea.h; sourceTree = "<group>"; };
		93B13CB1221F0F0B0071898F /* hmac_drbg.c */ = {isa = PBXFileReference; fileEncoding = 4; lastKnownFileType = sourcecode.c.c; path = hmac_drbg.c; sourceTree = "<group>"; };
		93B13CB2221F0F0B0071898F /* rsa.c */ = {isa = PBXFileReference; fileEncoding = 4; lastKnownFileType = sourcecode.c.c; path = rsa.c; sourceTree = "<group>"; };
		93B13CB3221F0F0B0071898F /* poly1305.h */ = {isa = PBXFileReference; fileEncoding = 4; lastKnownFileType = sourcecode.c.h; path = poly1305.h; sourceTree = "<group>"; };
		93B13CB4221F0F0B0071898F /* threading.h */ = {isa = PBXFileReference; fileEncoding = 4; lastKnownFileType = sourcecode.c.h; path = threading.h; sourceTree = "<group>"; };
		93B13CB5221F0F0B0071898F /* hkdf.h */ = {isa = PBXFileReference; fileEncoding = 4; lastKnownFileType = sourcecode.c.h; path = hkdf.h; sourceTree = "<group>"; };
		93B13CB6221F0F0B0071898F /* compat-1.3.h */ = {isa = PBXFileReference; fileEncoding = 4; lastKnownFileType = sourcecode.c.h; path = "compat-1.3.h"; sourceTree = "<group>"; };
		93B13CB7221F0F0B0071898F /* ssl_ticket.c */ = {isa = PBXFileReference; fileEncoding = 4; lastKnownFileType = sourcecode.c.c; path = ssl_ticket.c; sourceTree = "<group>"; };
		93B13CB8221F0F0B0071898F /* asn1parse.c */ = {isa = PBXFileReference; fileEncoding = 4; lastKnownFileType = sourcecode.c.c; path = asn1parse.c; sourceTree = "<group>"; };
		93B13CB9221F0F0B0071898F /* certs.c */ = {isa = PBXFileReference; fileEncoding = 4; lastKnownFileType = sourcecode.c.c; path = certs.c; sourceTree = "<group>"; };
		93B13CBA221F0F0B0071898F /* md5.h */ = {isa = PBXFileReference; fileEncoding = 4; lastKnownFileType = sourcecode.c.h; path = md5.h; sourceTree = "<group>"; };
		93B13CBB221F0F0B0071898F /* timing.h */ = {isa = PBXFileReference; fileEncoding = 4; lastKnownFileType = sourcecode.c.h; path = timing.h; sourceTree = "<group>"; };
		93B13CBC221F0F0B0071898F /* arc4.h */ = {isa = PBXFileReference; fileEncoding = 4; lastKnownFileType = sourcecode.c.h; path = arc4.h; sourceTree = "<group>"; };
		93B13CBD221F0F0B0071898F /* pkwrite.c */ = {isa = PBXFileReference; fileEncoding = 4; lastKnownFileType = sourcecode.c.c; path = pkwrite.c; sourceTree = "<group>"; };
		93B13CBE221F0F0B0071898F /* chachapoly.h */ = {isa = PBXFileReference; fileEncoding = 4; lastKnownFileType = sourcecode.c.h; path = chachapoly.h; sourceTree = "<group>"; };
		93B13CBF221F0F0B0071898F /* gcm.c */ = {isa = PBXFileReference; fileEncoding = 4; lastKnownFileType = sourcecode.c.c; path = gcm.c; sourceTree = "<group>"; };
		93B13CC0221F0F0B0071898F /* sha1.c */ = {isa = PBXFileReference; fileEncoding = 4; lastKnownFileType = sourcecode.c.c; path = sha1.c; sourceTree = "<group>"; };
		93B13CC1221F0F0B0071898F /* sha256.h */ = {isa = PBXFileReference; fileEncoding = 4; lastKnownFileType = sourcecode.c.h; path = sha256.h; sourceTree = "<group>"; };
		93B13CC2221F0F0B0071898F /* asn1write.c */ = {isa = PBXFileReference; fileEncoding = 4; lastKnownFileType = sourcecode.c.c; path = asn1write.c; sourceTree = "<group>"; };
		93B13CC3221F0F0B0071898F /* havege.c */ = {isa = PBXFileReference; fileEncoding = 4; lastKnownFileType = sourcecode.c.c; path = havege.c; sourceTree = "<group>"; };
		93B13CC4221F0F0B0071898F /* ccm.c */ = {isa = PBXFileReference; fileEncoding = 4; lastKnownFileType = sourcecode.c.c; path = ccm.c; sourceTree = "<group>"; };
		93B13CC5221F0F0B0071898F /* version_features.c */ = {isa = PBXFileReference; fileEncoding = 4; lastKnownFileType = sourcecode.c.c; path = version_features.c; sourceTree = "<group>"; };
		93B13CC6221F0F0B0071898F /* aria.c */ = {isa = PBXFileReference; fileEncoding = 4; lastKnownFileType = sourcecode.c.c; path = aria.c; sourceTree = "<group>"; };
		93B13CC7221F0F0B0071898F /* ecdsa.h */ = {isa = PBXFileReference; fileEncoding = 4; lastKnownFileType = sourcecode.c.h; path = ecdsa.h; sourceTree = "<group>"; };
		93B13CC8221F0F0B0071898F /* nist_kw.h */ = {isa = PBXFileReference; fileEncoding = 4; lastKnownFileType = sourcecode.c.h; path = nist_kw.h; sourceTree = "<group>"; };
		93B13CC9221F0F0B0071898F /* entropy_poll.c */ = {isa = PBXFileReference; fileEncoding = 4; lastKnownFileType = sourcecode.c.c; path = entropy_poll.c; sourceTree = "<group>"; };
		93B13CCA221F0F0B0071898F /* x509write_csr.c */ = {isa = PBXFileReference; fileEncoding = 4; lastKnownFileType = sourcecode.c.c; path = x509write_csr.c; sourceTree = "<group>"; };
		93B13CCB221F0F0B0071898F /* platform.c */ = {isa = PBXFileReference; fileEncoding = 4; lastKnownFileType = sourcecode.c.c; path = platform.c; sourceTree = "<group>"; };
		93B13CCC221F0F0B0071898F /* md.h */ = {isa = PBXFileReference; fileEncoding = 4; lastKnownFileType = sourcecode.c.h; path = md.h; sourceTree = "<group>"; };
		93B13CCD221F0F0B0071898F /* cmac.c */ = {isa = PBXFileReference; fileEncoding = 4; lastKnownFileType = sourcecode.c.c; path = cmac.c; sourceTree = "<group>"; };
		93B13CCE221F0F0B0071898F /* bignum.c */ = {isa = PBXFileReference; fileEncoding = 4; lastKnownFileType = sourcecode.c.c; path = bignum.c; sourceTree = "<group>"; };
		93B13CCF221F0F0B0071898F /* cipher.h */ = {isa = PBXFileReference; fileEncoding = 4; lastKnownFileType = sourcecode.c.h; path = cipher.h; sourceTree = "<group>"; };
		93B13CD0221F0F0B0071898F /* ecjpake.h */ = {isa = PBXFileReference; fileEncoding = 4; lastKnownFileType = sourcecode.c.h; path = ecjpake.h; sourceTree = "<group>"; };
		93B13CD1221F0F0B0071898F /* pkparse.c */ = {isa = PBXFileReference; fileEncoding = 4; lastKnownFileType = sourcecode.c.c; path = pkparse.c; sourceTree = "<group>"; };
		93B13CD2221F0F0B0071898F /* net_sockets.h */ = {isa = PBXFileReference; fileEncoding = 4; lastKnownFileType = sourcecode.c.h; path = net_sockets.h; sourceTree = "<group>"; };
		93B13CD3221F0F0B0071898F /* entropy.h */ = {isa = PBXFileReference; fileEncoding = 4; lastKnownFileType = sourcecode.c.h; path = entropy.h; sourceTree = "<group>"; };
		93B13CD4221F0F0B0071898F /* pkcs12.h */ = {isa = PBXFileReference; fileEncoding = 4; lastKnownFileType = sourcecode.c.h; path = pkcs12.h; sourceTree = "<group>"; };
		93B13CD5221F0F0B0071898F /* padlock.h */ = {isa = PBXFileReference; fileEncoding = 4; lastKnownFileType = sourcecode.c.h; path = padlock.h; sourceTree = "<group>"; };
		93B13CD6221F0F0B0071898F /* sha512.h */ = {isa = PBXFileReference; fileEncoding = 4; lastKnownFileType = sourcecode.c.h; path = sha512.h; sourceTree = "<group>"; };
		93B13CD7221F0F0B0071898F /* bn_mul.h */ = {isa = PBXFileReference; fileEncoding = 4; lastKnownFileType = sourcecode.c.h; path = bn_mul.h; sourceTree = "<group>"; };
		93B13CD8221F0F0B0071898F /* pk.h */ = {isa = PBXFileReference; fileEncoding = 4; lastKnownFileType = sourcecode.c.h; path = pk.h; sourceTree = "<group>"; };
		93B13CD9221F0F0B0071898F /* debug.c */ = {isa = PBXFileReference; fileEncoding = 4; lastKnownFileType = sourcecode.c.c; path = debug.c; sourceTree = "<group>"; };
		93B13CDA221F0F0B0071898F /* ecp_internal.h */ = {isa = PBXFileReference; fileEncoding = 4; lastKnownFileType = sourcecode.c.h; path = ecp_internal.h; sourceTree = "<group>"; };
		93B13CDB221F0F0B0071898F /* ripemd160.c */ = {isa = PBXFileReference; fileEncoding = 4; lastKnownFileType = sourcecode.c.c; path = ripemd160.c; sourceTree = "<group>"; };
		93B13CDC221F0F0B0071898F /* ssl_cli.c */ = {isa = PBXFileReference; fileEncoding = 4; lastKnownFileType = sourcecode.c.c; path = ssl_cli.c; sourceTree = "<group>"; };
		93B13CDD221F0F0B0071898F /* ssl.h */ = {isa = PBXFileReference; fileEncoding = 4; lastKnownFileType = sourcecode.c.h; path = ssl.h; sourceTree = "<group>"; };
		93B13CDE221F0F0B0071898F /* platform_time.h */ = {isa = PBXFileReference; fileEncoding = 4; lastKnownFileType = sourcecode.c.h; path = platform_time.h; sourceTree = "<group>"; };
		93B13CDF221F0F0B0071898F /* blowfish.c */ = {isa = PBXFileReference; fileEncoding = 4; lastKnownFileType = sourcecode.c.c; path = blowfish.c; sourceTree = "<group>"; };
		93B13CE0221F0F0B0071898F /* camellia.h */ = {isa = PBXFileReference; fileEncoding = 4; lastKnownFileType = sourcecode.c.h; path = camellia.h; sourceTree = "<group>"; };
		93B13CE1221F0F0B0071898F /* rsa_internal.c */ = {isa = PBXFileReference; fileEncoding = 4; lastKnownFileType = sourcecode.c.c; path = rsa_internal.c; sourceTree = "<group>"; };
		93B13CE2221F0F0B0071898F /* pkcs5.c */ = {isa = PBXFileReference; fileEncoding = 4; lastKnownFileType = sourcecode.c.c; path = pkcs5.c; sourceTree = "<group>"; };
		93B13CE3221F0F0B0071898F /* md4.h */ = {isa = PBXFileReference; fileEncoding = 4; lastKnownFileType = sourcecode.c.h; path = md4.h; sourceTree = "<group>"; };
		93B13CE4221F0F0B0071898F /* x509_crt.h */ = {isa = PBXFileReference; fileEncoding = 4; lastKnownFileType = sourcecode.c.h; path = x509_crt.h; sourceTree = "<group>"; };
		93B13CE5221F0F0B0071898F /* pem.c */ = {isa = PBXFileReference; fileEncoding = 4; lastKnownFileType = sourcecode.c.c; path = pem.c; sourceTree = "<group>"; };
		93B13CE6221F0F0B0071898F /* oid.c */ = {isa = PBXFileReference; fileEncoding = 4; lastKnownFileType = sourcecode.c.c; path = oid.c; sourceTree = "<group>"; };
		93B13CE7221F0F0B0071898F /* error.c */ = {isa = PBXFileReference; fileEncoding = 4; lastKnownFileType = sourcecode.c.c; path = error.c; sourceTree = "<group>"; };
		93B13CE8221F0F0B0071898F /* md2.c */ = {isa = PBXFileReference; fileEncoding = 4; lastKnownFileType = sourcecode.c.c; path = md2.c; sourceTree = "<group>"; };
		93B13CE9221F0F0B0071898F /* aes.h */ = {isa = PBXFileReference; fileEncoding = 4; lastKnownFileType = sourcecode.c.h; path = aes.h; sourceTree = "<group>"; };
		93B13CEA221F0F0B0071898F /* md_wrap.c */ = {isa = PBXFileReference; fileEncoding = 4; lastKnownFileType = sourcecode.c.c; path = md_wrap.c; sourceTree = "<group>"; };
		93B13CEB221F0F0B0071898F /* x509_csr.c */ = {isa = PBXFileReference; fileEncoding = 4; lastKnownFileType = sourcecode.c.c; path = x509_csr.c; sourceTree = "<group>"; };
		93B13CEC221F0F0B0071898F /* pk_internal.h */ = {isa = PBXFileReference; fileEncoding = 4; lastKnownFileType = sourcecode.c.h; path = pk_internal.h; sourceTree = "<group>"; };
		93B13CED221F0F0B0071898F /* ssl_cookie.h */ = {isa = PBXFileReference; fileEncoding = 4; lastKnownFileType = sourcecode.c.h; path = ssl_cookie.h; sourceTree = "<group>"; };
		93B13CEE221F0F0B0071898F /* dhm.h */ = {isa = PBXFileReference; fileEncoding = 4; lastKnownFileType = sourcecode.c.h; path = dhm.h; sourceTree = "<group>"; };
		93B13CEF221F0F0B0071898F /* platform_util.c */ = {isa = PBXFileReference; fileEncoding = 4; lastKnownFileType = sourcecode.c.c; path = platform_util.c; sourceTree = "<group>"; };
		93B13CF0221F0F0B0071898F /* aesni.h */ = {isa = PBXFileReference; fileEncoding = 4; lastKnownFileType = sourcecode.c.h; path = aesni.h; sourceTree = "<group>"; };
		93B13CF1221F0F0B0071898F /* ctr_drbg.h */ = {isa = PBXFileReference; fileEncoding = 4; lastKnownFileType = sourcecode.c.h; path = ctr_drbg.h; sourceTree = "<group>"; };
		93B13CF2221F0F0B0071898F /* chacha20.h */ = {isa = PBXFileReference; fileEncoding = 4; lastKnownFileType = sourcecode.c.h; path = chacha20.h; sourceTree = "<group>"; };
		93B13CF3221F0F0B0071898F /* pkcs11.c */ = {isa = PBXFileReference; fileEncoding = 4; lastKnownFileType = sourcecode.c.c; path = pkcs11.c; sourceTree = "<group>"; };
		93B13CF4221F0F0B0071898F /* base64.c */ = {isa = PBXFileReference; fileEncoding = 4; lastKnownFileType = sourcecode.c.c; path = base64.c; sourceTree = "<group>"; };
		93B13CF5221F0F0B0071898F /* memory_buffer_alloc.c */ = {isa = PBXFileReference; fileEncoding = 4; lastKnownFileType = sourcecode.c.c; path = memory_buffer_alloc.c; sourceTree = "<group>"; };
		93B13CF6221F0F0B0071898F /* des.h */ = {isa = PBXFileReference; fileEncoding = 4; lastKnownFileType = sourcecode.c.h; path = des.h; sourceTree = "<group>"; };
		93B13CF7221F0F0B0071898F /* ecp.c */ = {isa = PBXFileReference; fileEncoding = 4; lastKnownFileType = sourcecode.c.c; path = ecp.c; sourceTree = "<group>"; };
		93B13CF8221F0F0B0071898F /* x509_crl.h */ = {isa = PBXFileReference; fileEncoding = 4; lastKnownFileType = sourcecode.c.h; path = x509_crl.h; sourceTree = "<group>"; };
		93B13CF9221F0F0B0071898F /* ecdh.h */ = {isa = PBXFileReference; fileEncoding = 4; lastKnownFileType = sourcecode.c.h; path = ecdh.h; sourceTree = "<group>"; };
		93B13CFA221F0F0B0071898F /* psa_util.h */ = {isa = PBXFileReference; fileEncoding = 4; lastKnownFileType = sourcecode.c.h; path = psa_util.h; sourceTree = "<group>"; };
		93B13CFB221F0F0B0071898F /* version.c */ = {isa = PBXFileReference; fileEncoding = 4; lastKnownFileType = sourcecode.c.c; path = version.c; sourceTree = "<group>"; };
		93B13CFC221F0F0B0071898F /* x509.c */ = {isa = PBXFileReference; fileEncoding = 4; lastKnownFileType = sourcecode.c.c; path = x509.c; sourceTree = "<group>"; };
		93B13CFD221F0F0B0071898F /* sha1.h */ = {isa = PBXFileReference; fileEncoding = 4; lastKnownFileType = sourcecode.c.h; path = sha1.h; sourceTree = "<group>"; };
		93B13CFE221F0F0B0071898F /* gcm.h */ = {isa = PBXFileReference; fileEncoding = 4; lastKnownFileType = sourcecode.c.h; path = gcm.h; sourceTree = "<group>"; };
		93B13CFF221F0F0B0071898F /* chachapoly.c */ = {isa = PBXFileReference; fileEncoding = 4; lastKnownFileType = sourcecode.c.c; path = chachapoly.c; sourceTree = "<group>"; };
		93B13D00221F0F0B0071898F /* sha256.c */ = {isa = PBXFileReference; fileEncoding = 4; lastKnownFileType = sourcecode.c.c; path = sha256.c; sourceTree = "<group>"; };
		93B13D01221F0F0B0071898F /* ecp_curves.c */ = {isa = PBXFileReference; fileEncoding = 4; lastKnownFileType = sourcecode.c.c; path = ecp_curves.c; sourceTree = "<group>"; };
		93B13D02221F0F0B0071898F /* certs.h */ = {isa = PBXFileReference; fileEncoding = 4; lastKnownFileType = sourcecode.c.h; path = certs.h; sourceTree = "<group>"; };
		93B13D03221F0F0B0071898F /* md5.c */ = {isa = PBXFileReference; fileEncoding = 4; lastKnownFileType = sourcecode.c.c; path = md5.c; sourceTree = "<group>"; };
		93B13D04221F0F0B0071898F /* arc4.c */ = {isa = PBXFileReference; fileEncoding = 4; lastKnownFileType = sourcecode.c.c; path = arc4.c; sourceTree = "<group>"; };
		93B13D05221F0F0B0071898F /* timing.c */ = {isa = PBXFileReference; fileEncoding = 4; lastKnownFileType = sourcecode.c.c; path = timing.c; sourceTree = "<group>"; };
		93B13D06221F0F0B0071898F /* poly1305.c */ = {isa = PBXFileReference; fileEncoding = 4; lastKnownFileType = sourcecode.c.c; path = poly1305.c; sourceTree = "<group>"; };
		93B13D07221F0F0B0071898F /* rsa.h */ = {isa = PBXFileReference; fileEncoding = 4; lastKnownFileType = sourcecode.c.h; path = rsa.h; sourceTree = "<group>"; };
		93B13D08221F0F0B0071898F /* hmac_drbg.h */ = {isa = PBXFileReference; fileEncoding = 4; lastKnownFileType = sourcecode.c.h; path = hmac_drbg.h; sourceTree = "<group>"; };
		93B13D09221F0F0C0071898F /* xtea.c */ = {isa = PBXFileReference; fileEncoding = 4; lastKnownFileType = sourcecode.c.c; path = xtea.c; sourceTree = "<group>"; };
		93B13D0A221F0F0C0071898F /* x509write_crt.c */ = {isa = PBXFileReference; fileEncoding = 4; lastKnownFileType = sourcecode.c.c; path = x509write_crt.c; sourceTree = "<group>"; };
		93B13D0B221F0F0C0071898F /* module.modulemap */ = {isa = PBXFileReference; fileEncoding = 4; lastKnownFileType = "sourcecode.module-map"; path = module.modulemap; sourceTree = "<group>"; };
		93B13D0C221F0F0C0071898F /* ssl_ticket.h */ = {isa = PBXFileReference; fileEncoding = 4; lastKnownFileType = sourcecode.c.h; path = ssl_ticket.h; sourceTree = "<group>"; };
		93B13D0D221F0F0C0071898F /* hkdf.c */ = {isa = PBXFileReference; fileEncoding = 4; lastKnownFileType = sourcecode.c.c; path = hkdf.c; sourceTree = "<group>"; };
		93B13D0E221F0F0C0071898F /* threading.c */ = {isa = PBXFileReference; fileEncoding = 4; lastKnownFileType = sourcecode.c.c; path = threading.c; sourceTree = "<group>"; };
		93B13D0F221F0F0C0071898F /* ssl_ciphersuites.h */ = {isa = PBXFileReference; fileEncoding = 4; lastKnownFileType = sourcecode.c.h; path = ssl_ciphersuites.h; sourceTree = "<group>"; };
		93B13D10221F0F0C0071898F /* ssl_cache.h */ = {isa = PBXFileReference; fileEncoding = 4; lastKnownFileType = sourcecode.c.h; path = ssl_cache.h; sourceTree = "<group>"; };
		93B13D11221F0F0C0071898F /* padlock.c */ = {isa = PBXFileReference; fileEncoding = 4; lastKnownFileType = sourcecode.c.c; path = padlock.c; sourceTree = "<group>"; };
		93B13D12221F0F0C0071898F /* pkcs12.c */ = {isa = PBXFileReference; fileEncoding = 4; lastKnownFileType = sourcecode.c.c; path = pkcs12.c; sourceTree = "<group>"; };
		93B13D13221F0F0C0071898F /* entropy.c */ = {isa = PBXFileReference; fileEncoding = 4; lastKnownFileType = sourcecode.c.c; path = entropy.c; sourceTree = "<group>"; };
		93B13D14221F0F0C0071898F /* net_sockets.c */ = {isa = PBXFileReference; fileEncoding = 4; lastKnownFileType = sourcecode.c.c; path = net_sockets.c; sourceTree = "<group>"; };
		93B13D15221F0F0C0071898F /* sha512.c */ = {isa = PBXFileReference; fileEncoding = 4; lastKnownFileType = sourcecode.c.c; path = sha512.c; sourceTree = "<group>"; };
		93B13D16221F0F0C0071898F /* cmac.h */ = {isa = PBXFileReference; fileEncoding = 4; lastKnownFileType = sourcecode.c.h; path = cmac.h; sourceTree = "<group>"; };
		93B13D17221F0F0C0071898F /* md.c */ = {isa = PBXFileReference; fileEncoding = 4; lastKnownFileType = sourcecode.c.c; path = md.c; sourceTree = "<group>"; };
		93B13D18221F0F0C0071898F /* platform.h */ = {isa = PBXFileReference; fileEncoding = 4; lastKnownFileType = sourcecode.c.h; path = platform.h; sourceTree = "<group>"; };
		93B13D19221F0F0C0071898F /* ecjpake.c */ = {isa = PBXFileReference; fileEncoding = 4; lastKnownFileType = sourcecode.c.c; path = ecjpake.c; sourceTree = "<group>"; };
		93B13D1A221F0F0C0071898F /* cipher.c */ = {isa = PBXFileReference; fileEncoding = 4; lastKnownFileType = sourcecode.c.c; path = cipher.c; sourceTree = "<group>"; };
		93B13D1B221F0F0C0071898F /* bignum.h */ = {isa = PBXFileReference; fileEncoding = 4; lastKnownFileType = sourcecode.c.h; path = bignum.h; sourceTree = "<group>"; };
		93B13D1C221F0F0C0071898F /* ecdsa.c */ = {isa = PBXFileReference; fileEncoding = 4; lastKnownFileType = sourcecode.c.c; path = ecdsa.c; sourceTree = "<group>"; };
		93B13D1D221F0F0C0071898F /* aria.h */ = {isa = PBXFileReference; fileEncoding = 4; lastKnownFileType = sourcecode.c.h; path = aria.h; sourceTree = "<group>"; };
		93B13D1E221F0F0C0071898F /* entropy_poll.h */ = {isa = PBXFileReference; fileEncoding = 4; lastKnownFileType = sourcecode.c.h; path = entropy_poll.h; sourceTree = "<group>"; };
		93B13D1F221F0F0C0071898F /* nist_kw.c */ = {isa = PBXFileReference; fileEncoding = 4; lastKnownFileType = sourcecode.c.c; path = nist_kw.c; sourceTree = "<group>"; };
		93B13D20221F0F0C0071898F /* havege.h */ = {isa = PBXFileReference; fileEncoding = 4; lastKnownFileType = sourcecode.c.h; path = havege.h; sourceTree = "<group>"; };
		93B13D21221F0F0C0071898F /* asn1write.h */ = {isa = PBXFileReference; fileEncoding = 4; lastKnownFileType = sourcecode.c.h; path = asn1write.h; sourceTree = "<group>"; };
		93B13D22221F0F0C0071898F /* ccm.h */ = {isa = PBXFileReference; fileEncoding = 4; lastKnownFileType = sourcecode.c.h; path = ccm.h; sourceTree = "<group>"; };
/* End PBXFileReference section */

/* Begin PBXFrameworksBuildPhase section */
		93B13C73221F0ED30071898F /* Frameworks */ = {
			isa = PBXFrameworksBuildPhase;
			buildActionMask = 2147483647;
			files = (
			);
			runOnlyForDeploymentPostprocessing = 0;
		};
/* End PBXFrameworksBuildPhase section */

/* Begin PBXGroup section */
		93291CB5221F4E91009B22E3 /* Wrapper */ = {
			isa = PBXGroup;
			children = (
				93291CB6221F4EA9009B22E3 /* mbedTLS.swift */,
				93015AF52225CBEC0083DE86 /* UtilityBridge.h */,
				93015AF62225CBEC0083DE86 /* UtilityBridge.c */,
			);
			path = Wrapper;
			sourceTree = "<group>";
		};
		93B13C6C221F0ED30071898F = {
			isa = PBXGroup;
			children = (
				93B13C78221F0ED30071898F /* mbedTLS */,
				93B13C77221F0ED30071898F /* Products */,
			);
			sourceTree = "<group>";
		};
		93B13C77221F0ED30071898F /* Products */ = {
			isa = PBXGroup;
			children = (
				93B13C76221F0ED30071898F /* mbedTLS.framework */,
			);
			name = Products;
			sourceTree = "<group>";
		};
		93B13C78221F0ED30071898F /* mbedTLS */ = {
			isa = PBXGroup;
			children = (
				93291CB5221F4E91009B22E3 /* Wrapper */,
				93B13C83221F0F0B0071898F /* mbedtls */,
				93B13C79221F0ED30071898F /* mbedTLS.h */,
				93B13C7A221F0ED30071898F /* Info.plist */,
			);
			path = mbedTLS;
			sourceTree = "<group>";
		};
		93B13C83221F0F0B0071898F /* mbedtls */ = {
			isa = PBXGroup;
			children = (
				93B13C88221F0F0B0071898F /* aes.c */,
				93B13CE9221F0F0B0071898F /* aes.h */,
				93B13CAC221F0F0B0071898F /* aesni.c */,
				93B13CF0221F0F0B0071898F /* aesni.h */,
				93B13D04221F0F0B0071898F /* arc4.c */,
				93B13CBC221F0F0B0071898F /* arc4.h */,
				93B13CC6221F0F0B0071898F /* aria.c */,
				93B13D1D221F0F0C0071898F /* aria.h */,
				93B13CA4221F0F0B0071898F /* asn1.h */,
				93B13CB8221F0F0B0071898F /* asn1parse.c */,
				93B13CC2221F0F0B0071898F /* asn1write.c */,
				93B13D21221F0F0C0071898F /* asn1write.h */,
				93B13CF4221F0F0B0071898F /* base64.c */,
				93B13C9F221F0F0B0071898F /* base64.h */,
				93B13CCE221F0F0B0071898F /* bignum.c */,
				93B13D1B221F0F0C0071898F /* bignum.h */,
				93B13CDF221F0F0B0071898F /* blowfish.c */,
				93B13C92221F0F0B0071898F /* blowfish.h */,
				93B13CD7221F0F0B0071898F /* bn_mul.h */,
				93B13C91221F0F0B0071898F /* camellia.c */,
				93B13CE0221F0F0B0071898F /* camellia.h */,
				93B13CC4221F0F0B0071898F /* ccm.c */,
				93B13D22221F0F0C0071898F /* ccm.h */,
				93B13CB9221F0F0B0071898F /* certs.c */,
				93B13D02221F0F0B0071898F /* certs.h */,
				93B13CA2221F0F0B0071898F /* chacha20.c */,
				93B13CF2221F0F0B0071898F /* chacha20.h */,
				93B13CFF221F0F0B0071898F /* chachapoly.c */,
				93B13CBE221F0F0B0071898F /* chachapoly.h */,
				93B13C87221F0F0B0071898F /* check_config.h */,
				93B13C9B221F0F0B0071898F /* cipher_internal.h */,
				93B13CA1221F0F0B0071898F /* cipher_wrap.c */,
				93B13D1A221F0F0C0071898F /* cipher.c */,
				93B13CCF221F0F0B0071898F /* cipher.h */,
				93B13CCD221F0F0B0071898F /* cmac.c */,
				93B13D16221F0F0C0071898F /* cmac.h */,
				93B13CB6221F0F0B0071898F /* compat-1.3.h */,
				93B13CA5221F0F0B0071898F /* config.h */,
				93B13CAA221F0F0B0071898F /* ctr_drbg.c */,
				93B13CF1221F0F0B0071898F /* ctr_drbg.h */,
				93B13CD9221F0F0B0071898F /* debug.c */,
				93B13C95221F0F0B0071898F /* debug.h */,
				93B13CA6221F0F0B0071898F /* des.c */,
				93B13CF6221F0F0B0071898F /* des.h */,
				93B13CAD221F0F0B0071898F /* dhm.c */,
				93B13CEE221F0F0B0071898F /* dhm.h */,
				93B13C9A221F0F0B0071898F /* ecdh.c */,
				93B13CF9221F0F0B0071898F /* ecdh.h */,
				93B13D1C221F0F0C0071898F /* ecdsa.c */,
				93B13CC7221F0F0B0071898F /* ecdsa.h */,
				93B13D19221F0F0C0071898F /* ecjpake.c */,
				93B13CD0221F0F0B0071898F /* ecjpake.h */,
				93B13D01221F0F0B0071898F /* ecp_curves.c */,
				93B13CDA221F0F0B0071898F /* ecp_internal.h */,
				93B13CF7221F0F0B0071898F /* ecp.c */,
				93B13C98221F0F0B0071898F /* ecp.h */,
				93B13CC9221F0F0B0071898F /* entropy_poll.c */,
				93B13D1E221F0F0C0071898F /* entropy_poll.h */,
				93B13D13221F0F0C0071898F /* entropy.c */,
				93B13CD3221F0F0B0071898F /* entropy.h */,
				93B13CE7221F0F0B0071898F /* error.c */,
				93B13C89221F0F0B0071898F /* error.h */,
				93B13CBF221F0F0B0071898F /* gcm.c */,
				93B13CFE221F0F0B0071898F /* gcm.h */,
				93B13CC3221F0F0B0071898F /* havege.c */,
				93B13D20221F0F0C0071898F /* havege.h */,
				93B13D0D221F0F0C0071898F /* hkdf.c */,
				93B13CB5221F0F0B0071898F /* hkdf.h */,
				93B13CB1221F0F0B0071898F /* hmac_drbg.c */,
				93B13D08221F0F0B0071898F /* hmac_drbg.h */,
				93B13C9E221F0F0B0071898F /* md_internal.h */,
				93B13CEA221F0F0B0071898F /* md_wrap.c */,
				93B13D17221F0F0C0071898F /* md.c */,
				93B13CCC221F0F0B0071898F /* md.h */,
				93B13CE8221F0F0B0071898F /* md2.c */,
				93B13C8A221F0F0B0071898F /* md2.h */,
				93B13C8C221F0F0B0071898F /* md4.c */,
				93B13CE3221F0F0B0071898F /* md4.h */,
				93B13D03221F0F0B0071898F /* md5.c */,
				93B13CBA221F0F0B0071898F /* md5.h */,
				93B13CF5221F0F0B0071898F /* memory_buffer_alloc.c */,
				93B13CA7221F0F0B0071898F /* memory_buffer_alloc.h */,
				93B13D0B221F0F0C0071898F /* module.modulemap */,
				93B13D14221F0F0C0071898F /* net_sockets.c */,
				93B13CD2221F0F0B0071898F /* net_sockets.h */,
				93B13C99221F0F0B0071898F /* net.h */,
				93B13D1F221F0F0C0071898F /* nist_kw.c */,
				93B13CC8221F0F0B0071898F /* nist_kw.h */,
				93B13CE6221F0F0B0071898F /* oid.c */,
				93B13C8B221F0F0B0071898F /* oid.h */,
				93B13D11221F0F0C0071898F /* padlock.c */,
				93B13CD5221F0F0B0071898F /* padlock.h */,
				93B13CE5221F0F0B0071898F /* pem.c */,
				93B13C85221F0F0B0071898F /* pem.h */,
				93B13CEC221F0F0B0071898F /* pk_internal.h */,
				93B13C93221F0F0B0071898F /* pk_wrap.c */,
				93B13C94221F0F0B0071898F /* pk.c */,
				93B13CD8221F0F0B0071898F /* pk.h */,
				93B13CE2221F0F0B0071898F /* pkcs5.c */,
				93B13C8E221F0F0B0071898F /* pkcs5.h */,
				93B13CF3221F0F0B0071898F /* pkcs11.c */,
				93B13CA0221F0F0B0071898F /* pkcs11.h */,
				93B13D12221F0F0C0071898F /* pkcs12.c */,
				93B13CD4221F0F0B0071898F /* pkcs12.h */,
				93B13CD1221F0F0B0071898F /* pkparse.c */,
				93B13CBD221F0F0B0071898F /* pkwrite.c */,
				93B13CDE221F0F0B0071898F /* platform_time.h */,
				93B13CEF221F0F0B0071898F /* platform_util.c */,
				93B13CAB221F0F0B0071898F /* platform_util.h */,
				93B13CCB221F0F0B0071898F /* platform.c */,
				93B13D18221F0F0C0071898F /* platform.h */,
				93B13D06221F0F0B0071898F /* poly1305.c */,
				93B13CB3221F0F0B0071898F /* poly1305.h */,
				93B13CFA221F0F0B0071898F /* psa_util.h */,
				93B13CDB221F0F0B0071898F /* ripemd160.c */,
				93B13C8F221F0F0B0071898F /* ripemd160.h */,
				93B13CE1221F0F0B0071898F /* rsa_internal.c */,
				93B13C8D221F0F0B0071898F /* rsa_internal.h */,
				93B13CB2221F0F0B0071898F /* rsa.c */,
				93B13D07221F0F0B0071898F /* rsa.h */,
				93B13CC0221F0F0B0071898F /* sha1.c */,
				93B13CFD221F0F0B0071898F /* sha1.h */,
				93B13D00221F0F0B0071898F /* sha256.c */,
				93B13CC1221F0F0B0071898F /* sha256.h */,
				93B13D15221F0F0C0071898F /* sha512.c */,
				93B13CD6221F0F0B0071898F /* sha512.h */,
				93B13CAE221F0F0B0071898F /* ssl_cache.c */,
				93B13D10221F0F0C0071898F /* ssl_cache.h */,
				93B13CAF221F0F0B0071898F /* ssl_ciphersuites.c */,
				93B13D0F221F0F0C0071898F /* ssl_ciphersuites.h */,
				93B13CDC221F0F0B0071898F /* ssl_cli.c */,
				93B13CA8221F0F0B0071898F /* ssl_cookie.c */,
				93B13CED221F0F0B0071898F /* ssl_cookie.h */,
				93B13CA3221F0F0B0071898F /* ssl_internal.h */,
				93B13C90221F0F0B0071898F /* ssl_srv.c */,
				93B13CB7221F0F0B0071898F /* ssl_ticket.c */,
				93B13D0C221F0F0C0071898F /* ssl_ticket.h */,
				93B13C9C221F0F0B0071898F /* ssl_tls.c */,
				93B13CDD221F0F0B0071898F /* ssl.h */,
				93B13D0E221F0F0C0071898F /* threading.c */,
				93B13CB4221F0F0B0071898F /* threading.h */,
				93B13D05221F0F0B0071898F /* timing.c */,
				93B13CBB221F0F0B0071898F /* timing.h */,
				93B13CC5221F0F0B0071898F /* version_features.c */,
				93B13CFB221F0F0B0071898F /* version.c */,
				93B13C97221F0F0B0071898F /* version.h */,
				93B13C84221F0F0B0071898F /* x509_create.c */,
				93B13C9D221F0F0B0071898F /* x509_crl.c */,
				93B13CF8221F0F0B0071898F /* x509_crl.h */,
				93B13C86221F0F0B0071898F /* x509_crt.c */,
				93B13CE4221F0F0B0071898F /* x509_crt.h */,
				93B13CEB221F0F0B0071898F /* x509_csr.c */,
				93B13CA9221F0F0B0071898F /* x509_csr.h */,
				93B13CFC221F0F0B0071898F /* x509.c */,
				93B13C96221F0F0B0071898F /* x509.h */,
				93B13D0A221F0F0C0071898F /* x509write_crt.c */,
				93B13CCA221F0F0B0071898F /* x509write_csr.c */,
				93B13D09221F0F0C0071898F /* xtea.c */,
				93B13CB0221F0F0B0071898F /* xtea.h */,
			);
			path = mbedtls;
			sourceTree = "<group>";
		};
/* End PBXGroup section */

/* Begin PBXHeadersBuildPhase section */
		93B13C71221F0ED30071898F /* Headers */ = {
			isa = PBXHeadersBuildPhase;
			buildActionMask = 2147483647;
			files = (
				93B13D9D221F0F0C0071898F /* gcm.h in Headers */,
				93B13D9C221F0F0C0071898F /* sha1.h in Headers */,
				93B13D60221F0F0C0071898F /* sha256.h in Headers */,
				93B13D99221F0F0C0071898F /* psa_util.h in Headers */,
				93B13DBC221F0F0C0071898F /* entropy_poll.h in Headers */,
				93B13D5D221F0F0C0071898F /* chachapoly.h in Headers */,
				93B13D72221F0F0C0071898F /* entropy.h in Headers */,
				93B13D71221F0F0C0071898F /* net_sockets.h in Headers */,
				93B13DAA221F0F0C0071898F /* ssl_ticket.h in Headers */,
				93B13D4F221F0F0C0071898F /* xtea.h in Headers */,
				93B13D3D221F0F0C0071898F /* md_internal.h in Headers */,
				93B13D46221F0F0C0071898F /* memory_buffer_alloc.h in Headers */,
				93B13D54221F0F0C0071898F /* hkdf.h in Headers */,
				93B13DA7221F0F0C0071898F /* hmac_drbg.h in Headers */,
				93B13DC0221F0F0C0071898F /* ccm.h in Headers */,
				93B13D79221F0F0C0071898F /* ecp_internal.h in Headers */,
				93B13DAE221F0F0C0071898F /* ssl_cache.h in Headers */,
				93B13D29221F0F0C0071898F /* md2.h in Headers */,
				93B13D36221F0F0C0071898F /* version.h in Headers */,
				93B13D7C221F0F0C0071898F /* ssl.h in Headers */,
				93B13DB4221F0F0C0071898F /* cmac.h in Headers */,
				93B13D6E221F0F0C0071898F /* cipher.h in Headers */,
				93B13D5A221F0F0C0071898F /* timing.h in Headers */,
				93B13D26221F0F0C0071898F /* check_config.h in Headers */,
				93B13D98221F0F0C0071898F /* ecdh.h in Headers */,
				93B13DBF221F0F0C0071898F /* asn1write.h in Headers */,
				93B13D37221F0F0C0071898F /* ecp.h in Headers */,
				93B13D34221F0F0C0071898F /* debug.h in Headers */,
				93B13C7B221F0ED30071898F /* mbedTLS.h in Headers */,
				93B13D7D221F0F0C0071898F /* platform_time.h in Headers */,
				93B13D5B221F0F0C0071898F /* arc4.h in Headers */,
				93B13D7F221F0F0C0071898F /* camellia.h in Headers */,
				93B13DB9221F0F0C0071898F /* bignum.h in Headers */,
				93B13D2D221F0F0C0071898F /* pkcs5.h in Headers */,
				93B13D4A221F0F0C0071898F /* platform_util.h in Headers */,
				93B13D76221F0F0C0071898F /* bn_mul.h in Headers */,
				93B13DBB221F0F0C0071898F /* aria.h in Headers */,
				93B13D88221F0F0C0071898F /* aes.h in Headers */,
				93B13D53221F0F0C0071898F /* threading.h in Headers */,
				93B13D44221F0F0C0071898F /* config.h in Headers */,
				93B13D31221F0F0C0071898F /* blowfish.h in Headers */,
				93B13D52221F0F0C0071898F /* poly1305.h in Headers */,
				93B13D3F221F0F0C0071898F /* pkcs11.h in Headers */,
				93B13D95221F0F0C0071898F /* des.h in Headers */,
				93B13D91221F0F0C0071898F /* chacha20.h in Headers */,
				93B13D83221F0F0C0071898F /* x509_crt.h in Headers */,
				93B13DBE221F0F0C0071898F /* havege.h in Headers */,
				93B13D66221F0F0C0071898F /* ecdsa.h in Headers */,
				93B13D35221F0F0C0071898F /* x509.h in Headers */,
				93B13D77221F0F0C0071898F /* pk.h in Headers */,
				93B13D97221F0F0C0071898F /* x509_crl.h in Headers */,
				93B13DA6221F0F0C0071898F /* rsa.h in Headers */,
				93B13D48221F0F0C0071898F /* x509_csr.h in Headers */,
				93B13D38221F0F0C0071898F /* net.h in Headers */,
				93B13D6F221F0F0C0071898F /* ecjpake.h in Headers */,
				93B13DB6221F0F0C0071898F /* platform.h in Headers */,
				93B13D75221F0F0C0071898F /* sha512.h in Headers */,
				93B13D6B221F0F0C0071898F /* md.h in Headers */,
				93B13D73221F0F0C0071898F /* pkcs12.h in Headers */,
				93B13DAD221F0F0C0071898F /* ssl_ciphersuites.h in Headers */,
				93B13D3E221F0F0C0071898F /* base64.h in Headers */,
				93B13D2A221F0F0C0071898F /* oid.h in Headers */,
				93B13D59221F0F0C0071898F /* md5.h in Headers */,
				93B13D24221F0F0C0071898F /* pem.h in Headers */,
				93B13D43221F0F0C0071898F /* asn1.h in Headers */,
				93B13D8C221F0F0C0071898F /* ssl_cookie.h in Headers */,
				93B13D2E221F0F0C0071898F /* ripemd160.h in Headers */,
				93B13D82221F0F0C0071898F /* md4.h in Headers */,
				93B13D28221F0F0C0071898F /* error.h in Headers */,
				93015AF72225CBEC0083DE86 /* UtilityBridge.h in Headers */,
				93B13D90221F0F0C0071898F /* ctr_drbg.h in Headers */,
				93B13D3A221F0F0C0071898F /* cipher_internal.h in Headers */,
				93B13D55221F0F0C0071898F /* compat-1.3.h in Headers */,
				93B13D67221F0F0C0071898F /* nist_kw.h in Headers */,
				93B13D74221F0F0C0071898F /* padlock.h in Headers */,
				93B13D42221F0F0C0071898F /* ssl_internal.h in Headers */,
				93B13DA1221F0F0C0071898F /* certs.h in Headers */,
				93B13D8D221F0F0C0071898F /* dhm.h in Headers */,
				93B13D8F221F0F0C0071898F /* aesni.h in Headers */,
				93B13D8B221F0F0C0071898F /* pk_internal.h in Headers */,
				93B13D2C221F0F0C0071898F /* rsa_internal.h in Headers */,
			);
			runOnlyForDeploymentPostprocessing = 0;
		};
/* End PBXHeadersBuildPhase section */

/* Begin PBXNativeTarget section */
		93B13C75221F0ED30071898F /* mbedTLS */ = {
			isa = PBXNativeTarget;
			buildConfigurationList = 93B13C7E221F0ED30071898F /* Build configuration list for PBXNativeTarget "mbedTLS" */;
			buildPhases = (
				93B13C71221F0ED30071898F /* Headers */,
				93B13C72221F0ED30071898F /* Sources */,
				93B13C73221F0ED30071898F /* Frameworks */,
				93B13C74221F0ED30071898F /* Resources */,
			);
			buildRules = (
			);
			dependencies = (
			);
			name = mbedTLS;
			productName = mbedTLS;
			productReference = 93B13C76221F0ED30071898F /* mbedTLS.framework */;
			productType = "com.apple.product-type.framework";
		};
/* End PBXNativeTarget section */

/* Begin PBXProject section */
		93B13C6D221F0ED30071898F /* Project object */ = {
			isa = PBXProject;
			attributes = {
				LastUpgradeCheck = 1020;
				ORGANIZATIONNAME = "Siddarth Gandhi";
				TargetAttributes = {
					93B13C75221F0ED30071898F = {
						CreatedOnToolsVersion = 10.1;
						LastSwiftMigration = 1020;
					};
				};
			};
			buildConfigurationList = 93B13C70221F0ED30071898F /* Build configuration list for PBXProject "mbedTLS" */;
			compatibilityVersion = "Xcode 9.3";
			developmentRegion = en;
			hasScannedForEncodings = 0;
			knownRegions = (
				en,
				Base,
			);
			mainGroup = 93B13C6C221F0ED30071898F;
			productRefGroup = 93B13C77221F0ED30071898F /* Products */;
			projectDirPath = "";
			projectRoot = "";
			targets = (
				93B13C75221F0ED30071898F /* mbedTLS */,
			);
		};
/* End PBXProject section */

/* Begin PBXResourcesBuildPhase section */
		93B13C74221F0ED30071898F /* Resources */ = {
			isa = PBXResourcesBuildPhase;
			buildActionMask = 2147483647;
			files = (
			);
			runOnlyForDeploymentPostprocessing = 0;
		};
/* End PBXResourcesBuildPhase section */

/* Begin PBXSourcesBuildPhase section */
		93B13C72221F0ED30071898F /* Sources */ = {
			isa = PBXSourcesBuildPhase;
			buildActionMask = 2147483647;
			files = (
				93B13D51221F0F0C0071898F /* rsa.c in Sources */,
				93B13DB5221F0F0C0071898F /* md.c in Sources */,
				93B13D80221F0F0C0071898F /* rsa_internal.c in Sources */,
				93B13D65221F0F0C0071898F /* aria.c in Sources */,
				93B13D62221F0F0C0071898F /* havege.c in Sources */,
				93B13D93221F0F0C0071898F /* base64.c in Sources */,
				93015AF82225CBEC0083DE86 /* UtilityBridge.c in Sources */,
				93B13D3B221F0F0C0071898F /* ssl_tls.c in Sources */,
				93B13D96221F0F0C0071898F /* ecp.c in Sources */,
				93B13D63221F0F0C0071898F /* ccm.c in Sources */,
				93B13D81221F0F0C0071898F /* pkcs5.c in Sources */,
				93B13D92221F0F0C0071898F /* pkcs11.c in Sources */,
				93B13D9F221F0F0C0071898F /* sha256.c in Sources */,
				93B13DB8221F0F0C0071898F /* cipher.c in Sources */,
				93B13DA5221F0F0C0071898F /* poly1305.c in Sources */,
				93B13D61221F0F0C0071898F /* asn1write.c in Sources */,
				93B13DA2221F0F0C0071898F /* md5.c in Sources */,
				93B13D33221F0F0C0071898F /* pk.c in Sources */,
				93B13D49221F0F0C0071898F /* ctr_drbg.c in Sources */,
				93B13D64221F0F0C0071898F /* version_features.c in Sources */,
				93B13D5F221F0F0C0071898F /* sha1.c in Sources */,
				93B13DAF221F0F0C0071898F /* padlock.c in Sources */,
				93B13D7E221F0F0C0071898F /* blowfish.c in Sources */,
				93B13D9A221F0F0C0071898F /* version.c in Sources */,
				93B13DAB221F0F0C0071898F /* hkdf.c in Sources */,
				93B13D4C221F0F0C0071898F /* dhm.c in Sources */,
				93B13D4D221F0F0C0071898F /* ssl_cache.c in Sources */,
				93B13D68221F0F0C0071898F /* entropy_poll.c in Sources */,
				93B13D5E221F0F0C0071898F /* gcm.c in Sources */,
				93B13D87221F0F0C0071898F /* md2.c in Sources */,
				93B13D70221F0F0C0071898F /* pkparse.c in Sources */,
				93B13D86221F0F0C0071898F /* error.c in Sources */,
				93B13DA9221F0F0C0071898F /* x509write_crt.c in Sources */,
				93B13D85221F0F0C0071898F /* oid.c in Sources */,
				93B13D27221F0F0C0071898F /* aes.c in Sources */,
				93B13D30221F0F0C0071898F /* camellia.c in Sources */,
				93B13D94221F0F0C0071898F /* memory_buffer_alloc.c in Sources */,
				93B13D9E221F0F0C0071898F /* chachapoly.c in Sources */,
				93B13D45221F0F0C0071898F /* des.c in Sources */,
				93B13D58221F0F0C0071898F /* certs.c in Sources */,
				93B13DA4221F0F0C0071898F /* timing.c in Sources */,
				93B13DB0221F0F0C0071898F /* pkcs12.c in Sources */,
				93B13D32221F0F0C0071898F /* pk_wrap.c in Sources */,
				93B13D23221F0F0C0071898F /* x509_create.c in Sources */,
				93B13DB3221F0F0C0071898F /* sha512.c in Sources */,
				93B13D6A221F0F0C0071898F /* platform.c in Sources */,
				93B13D6C221F0F0C0071898F /* cmac.c in Sources */,
				93B13D5C221F0F0C0071898F /* pkwrite.c in Sources */,
				93B13D8A221F0F0C0071898F /* x509_csr.c in Sources */,
				93B13D6D221F0F0C0071898F /* bignum.c in Sources */,
				93B13DA3221F0F0C0071898F /* arc4.c in Sources */,
				93B13D4B221F0F0C0071898F /* aesni.c in Sources */,
				93B13DB2221F0F0C0071898F /* net_sockets.c in Sources */,
				93B13D41221F0F0C0071898F /* chacha20.c in Sources */,
				93B13D4E221F0F0C0071898F /* ssl_ciphersuites.c in Sources */,
				93B13DBA221F0F0C0071898F /* ecdsa.c in Sources */,
				93B13DAC221F0F0C0071898F /* threading.c in Sources */,
				93B13D39221F0F0C0071898F /* ecdh.c in Sources */,
				93B13D7A221F0F0C0071898F /* ripemd160.c in Sources */,
				93B13D2F221F0F0C0071898F /* ssl_srv.c in Sources */,
				93B13D8E221F0F0C0071898F /* platform_util.c in Sources */,
				93B13DA0221F0F0C0071898F /* ecp_curves.c in Sources */,
				93B13D7B221F0F0C0071898F /* ssl_cli.c in Sources */,
				93B13D56221F0F0C0071898F /* ssl_ticket.c in Sources */,
				93B13DB7221F0F0C0071898F /* ecjpake.c in Sources */,
				93B13D84221F0F0C0071898F /* pem.c in Sources */,
				93B13DB1221F0F0C0071898F /* entropy.c in Sources */,
				93B13D78221F0F0C0071898F /* debug.c in Sources */,
				93291CB7221F4EA9009B22E3 /* mbedTLS.swift in Sources */,
				93B13DBD221F0F0C0071898F /* nist_kw.c in Sources */,
				93B13D3C221F0F0C0071898F /* x509_crl.c in Sources */,
				93B13D57221F0F0C0071898F /* asn1parse.c in Sources */,
				93B13D47221F0F0C0071898F /* ssl_cookie.c in Sources */,
				93B13D89221F0F0C0071898F /* md_wrap.c in Sources */,
				93B13D69221F0F0C0071898F /* x509write_csr.c in Sources */,
				93B13D9B221F0F0C0071898F /* x509.c in Sources */,
				93B13D25221F0F0C0071898F /* x509_crt.c in Sources */,
				93B13D40221F0F0C0071898F /* cipher_wrap.c in Sources */,
				93B13DA8221F0F0C0071898F /* xtea.c in Sources */,
				93B13D2B221F0F0C0071898F /* md4.c in Sources */,
				93B13D50221F0F0C0071898F /* hmac_drbg.c in Sources */,
			);
			runOnlyForDeploymentPostprocessing = 0;
		};
/* End PBXSourcesBuildPhase section */

/* Begin XCBuildConfiguration section */
		93B13C7C221F0ED30071898F /* Debug */ = {
			isa = XCBuildConfiguration;
			buildSettings = {
				ALWAYS_SEARCH_USER_PATHS = NO;
				CLANG_ANALYZER_NONNULL = YES;
				CLANG_ANALYZER_NUMBER_OBJECT_CONVERSION = YES_AGGRESSIVE;
				CLANG_CXX_LANGUAGE_STANDARD = "gnu++14";
				CLANG_CXX_LIBRARY = "libc++";
				CLANG_ENABLE_MODULES = YES;
				CLANG_ENABLE_OBJC_ARC = YES;
				CLANG_ENABLE_OBJC_WEAK = YES;
				CLANG_WARN_BLOCK_CAPTURE_AUTORELEASING = YES;
				CLANG_WARN_BOOL_CONVERSION = YES;
				CLANG_WARN_COMMA = YES;
				CLANG_WARN_CONSTANT_CONVERSION = YES;
				CLANG_WARN_DEPRECATED_OBJC_IMPLEMENTATIONS = YES;
				CLANG_WARN_DIRECT_OBJC_ISA_USAGE = YES_ERROR;
				CLANG_WARN_DOCUMENTATION_COMMENTS = YES;
				CLANG_WARN_EMPTY_BODY = YES;
				CLANG_WARN_ENUM_CONVERSION = YES;
				CLANG_WARN_INFINITE_RECURSION = YES;
				CLANG_WARN_INT_CONVERSION = YES;
				CLANG_WARN_NON_LITERAL_NULL_CONVERSION = YES;
				CLANG_WARN_OBJC_IMPLICIT_RETAIN_SELF = YES;
				CLANG_WARN_OBJC_LITERAL_CONVERSION = YES;
				CLANG_WARN_OBJC_ROOT_CLASS = YES_ERROR;
				CLANG_WARN_RANGE_LOOP_ANALYSIS = YES;
				CLANG_WARN_STRICT_PROTOTYPES = YES;
				CLANG_WARN_SUSPICIOUS_MOVE = YES;
				CLANG_WARN_UNGUARDED_AVAILABILITY = YES_AGGRESSIVE;
				CLANG_WARN_UNREACHABLE_CODE = YES;
				CLANG_WARN__DUPLICATE_METHOD_MATCH = YES;
				CODE_SIGN_IDENTITY = "iPhone Developer";
				COPY_PHASE_STRIP = NO;
				CURRENT_PROJECT_VERSION = 1;
				DEBUG_INFORMATION_FORMAT = dwarf;
				ENABLE_STRICT_OBJC_MSGSEND = YES;
				ENABLE_TESTABILITY = YES;
				GCC_C_LANGUAGE_STANDARD = gnu11;
				GCC_DYNAMIC_NO_PIC = NO;
				GCC_NO_COMMON_BLOCKS = YES;
				GCC_OPTIMIZATION_LEVEL = 0;
				GCC_PREPROCESSOR_DEFINITIONS = (
					"DEBUG=1",
					"$(inherited)",
				);
				GCC_WARN_64_TO_32_BIT_CONVERSION = YES;
				GCC_WARN_ABOUT_RETURN_TYPE = YES_ERROR;
				GCC_WARN_UNDECLARED_SELECTOR = YES;
				GCC_WARN_UNINITIALIZED_AUTOS = YES_AGGRESSIVE;
				GCC_WARN_UNUSED_FUNCTION = YES;
				GCC_WARN_UNUSED_VARIABLE = YES;
				IPHONEOS_DEPLOYMENT_TARGET = 12.1;
				MTL_ENABLE_DEBUG_INFO = INCLUDE_SOURCE;
				MTL_FAST_MATH = YES;
				ONLY_ACTIVE_ARCH = YES;
				SDKROOT = iphoneos;
				SWIFT_ACTIVE_COMPILATION_CONDITIONS = DEBUG;
				SWIFT_OPTIMIZATION_LEVEL = "-Onone";
				VERSIONING_SYSTEM = "apple-generic";
				VERSION_INFO_PREFIX = "";
			};
			name = Debug;
		};
		93B13C7D221F0ED30071898F /* Release */ = {
			isa = XCBuildConfiguration;
			buildSettings = {
				ALWAYS_SEARCH_USER_PATHS = NO;
				CLANG_ANALYZER_NONNULL = YES;
				CLANG_ANALYZER_NUMBER_OBJECT_CONVERSION = YES_AGGRESSIVE;
				CLANG_CXX_LANGUAGE_STANDARD = "gnu++14";
				CLANG_CXX_LIBRARY = "libc++";
				CLANG_ENABLE_MODULES = YES;
				CLANG_ENABLE_OBJC_ARC = YES;
				CLANG_ENABLE_OBJC_WEAK = YES;
				CLANG_WARN_BLOCK_CAPTURE_AUTORELEASING = YES;
				CLANG_WARN_BOOL_CONVERSION = YES;
				CLANG_WARN_COMMA = YES;
				CLANG_WARN_CONSTANT_CONVERSION = YES;
				CLANG_WARN_DEPRECATED_OBJC_IMPLEMENTATIONS = YES;
				CLANG_WARN_DIRECT_OBJC_ISA_USAGE = YES_ERROR;
				CLANG_WARN_DOCUMENTATION_COMMENTS = YES;
				CLANG_WARN_EMPTY_BODY = YES;
				CLANG_WARN_ENUM_CONVERSION = YES;
				CLANG_WARN_INFINITE_RECURSION = YES;
				CLANG_WARN_INT_CONVERSION = YES;
				CLANG_WARN_NON_LITERAL_NULL_CONVERSION = YES;
				CLANG_WARN_OBJC_IMPLICIT_RETAIN_SELF = YES;
				CLANG_WARN_OBJC_LITERAL_CONVERSION = YES;
				CLANG_WARN_OBJC_ROOT_CLASS = YES_ERROR;
				CLANG_WARN_RANGE_LOOP_ANALYSIS = YES;
				CLANG_WARN_STRICT_PROTOTYPES = YES;
				CLANG_WARN_SUSPICIOUS_MOVE = YES;
				CLANG_WARN_UNGUARDED_AVAILABILITY = YES_AGGRESSIVE;
				CLANG_WARN_UNREACHABLE_CODE = YES;
				CLANG_WARN__DUPLICATE_METHOD_MATCH = YES;
				CODE_SIGN_IDENTITY = "iPhone Developer";
				COPY_PHASE_STRIP = NO;
				CURRENT_PROJECT_VERSION = 1;
				DEBUG_INFORMATION_FORMAT = "dwarf-with-dsym";
				ENABLE_NS_ASSERTIONS = NO;
				ENABLE_STRICT_OBJC_MSGSEND = YES;
				GCC_C_LANGUAGE_STANDARD = gnu11;
				GCC_NO_COMMON_BLOCKS = YES;
				GCC_WARN_64_TO_32_BIT_CONVERSION = YES;
				GCC_WARN_ABOUT_RETURN_TYPE = YES_ERROR;
				GCC_WARN_UNDECLARED_SELECTOR = YES;
				GCC_WARN_UNINITIALIZED_AUTOS = YES_AGGRESSIVE;
				GCC_WARN_UNUSED_FUNCTION = YES;
				GCC_WARN_UNUSED_VARIABLE = YES;
				IPHONEOS_DEPLOYMENT_TARGET = 12.1;
				MTL_ENABLE_DEBUG_INFO = NO;
				MTL_FAST_MATH = YES;
				SDKROOT = iphoneos;
				SWIFT_COMPILATION_MODE = wholemodule;
				SWIFT_OPTIMIZATION_LEVEL = "-O";
				VALIDATE_PRODUCT = YES;
				VERSIONING_SYSTEM = "apple-generic";
				VERSION_INFO_PREFIX = "";
			};
			name = Release;
		};
		93B13C7F221F0ED30071898F /* Debug */ = {
			isa = XCBuildConfiguration;
			buildSettings = {
				CLANG_ENABLE_MODULES = YES;
				CODE_SIGN_IDENTITY = "";
				CODE_SIGN_STYLE = Automatic;
				DEFINES_MODULE = YES;
				DEVELOPMENT_TEAM = KB6U686GWM;
				DYLIB_COMPATIBILITY_VERSION = 1;
				DYLIB_CURRENT_VERSION = 1;
				DYLIB_INSTALL_NAME_BASE = "@rpath";
				INFOPLIST_FILE = mbedTLS/Info.plist;
				INSTALL_PATH = "$(LOCAL_LIBRARY_DIR)/Frameworks";
				IPHONEOS_DEPLOYMENT_TARGET = 9.0;
				LD_RUNPATH_SEARCH_PATHS = (
					"$(inherited)",
					"@executable_path/Frameworks",
					"@loader_path/Frameworks",
				);
				PRODUCT_BUNDLE_IDENTIFIER = com.simplisafe.mbedTLS;
				PRODUCT_NAME = "$(TARGET_NAME:c99extidentifier)";
				PROVISIONING_PROFILE_SPECIFIER = "";
				SKIP_INSTALL = YES;
				SWIFT_INCLUDE_PATHS = $SRCROOT/mbedTLS/mbedtls;
				SWIFT_OPTIMIZATION_LEVEL = "-Onone";
				SWIFT_VERSION = 5.0;
				TARGETED_DEVICE_FAMILY = "1,2";
			};
			name = Debug;
		};
		93B13C80221F0ED30071898F /* Release */ = {
			isa = XCBuildConfiguration;
			buildSettings = {
				CLANG_ENABLE_MODULES = YES;
				CODE_SIGN_IDENTITY = "";
				CODE_SIGN_STYLE = Automatic;
				DEFINES_MODULE = YES;
				DEVELOPMENT_TEAM = KB6U686GWM;
				DYLIB_COMPATIBILITY_VERSION = 1;
				DYLIB_CURRENT_VERSION = 1;
				DYLIB_INSTALL_NAME_BASE = "@rpath";
				INFOPLIST_FILE = mbedTLS/Info.plist;
				INSTALL_PATH = "$(LOCAL_LIBRARY_DIR)/Frameworks";
				IPHONEOS_DEPLOYMENT_TARGET = 9.0;
				LD_RUNPATH_SEARCH_PATHS = (
					"$(inherited)",
					"@executable_path/Frameworks",
					"@loader_path/Frameworks",
				);
				PRODUCT_BUNDLE_IDENTIFIER = com.simplisafe.mbedTLS;
				PRODUCT_NAME = "$(TARGET_NAME:c99extidentifier)";
				PROVISIONING_PROFILE_SPECIFIER = "";
				SKIP_INSTALL = YES;
				SWIFT_INCLUDE_PATHS = $SRCROOT/mbedTLS/mbedtls;
				SWIFT_VERSION = 5.0;
				TARGETED_DEVICE_FAMILY = "1,2";
			};
			name = Release;
		};
/* End XCBuildConfiguration section */

/* Begin XCConfigurationList section */
		93B13C70221F0ED30071898F /* Build configuration list for PBXProject "mbedTLS" */ = {
			isa = XCConfigurationList;
			buildConfigurations = (
				93B13C7C221F0ED30071898F /* Debug */,
				93B13C7D221F0ED30071898F /* Release */,
			);
			defaultConfigurationIsVisible = 0;
			defaultConfigurationName = Release;
		};
		93B13C7E221F0ED30071898F /* Build configuration list for PBXNativeTarget "mbedTLS" */ = {
			isa = XCConfigurationList;
			buildConfigurations = (
				93B13C7F221F0ED30071898F /* Debug */,
				93B13C80221F0ED30071898F /* Release */,
			);
			defaultConfigurationIsVisible = 0;
			defaultConfigurationName = Release;
		};
/* End XCConfigurationList section */
	};
	rootObject = 93B13C6D221F0ED30071898F /* Project object */;
}
